// !$*UTF8*$!
{
	archiveVersion = 1;
	classes = {
	};
	objectVersion = 55;
	objects = {

/* Begin PBXBuildFile section */
		1C20194737A83DE7DF3CA6C4 /* Pods_TrillApp_TrillAppUITests.framework in Frameworks */ = {isa = PBXBuildFile; fileRef = 2CA06CD462BD245701A8B345 /* Pods_TrillApp_TrillAppUITests.framework */; };
		3193E96728A76D7D00AABF73 /* AppDelegate.swift in Sources */ = {isa = PBXBuildFile; fileRef = 3193E96628A76D7D00AABF73 /* AppDelegate.swift */; };
		3193E96928A76D7D00AABF73 /* SceneDelegate.swift in Sources */ = {isa = PBXBuildFile; fileRef = 3193E96828A76D7D00AABF73 /* SceneDelegate.swift */; };
		3193E96B28A76D7D00AABF73 /* ViewController.swift in Sources */ = {isa = PBXBuildFile; fileRef = 3193E96A28A76D7D00AABF73 /* ViewController.swift */; };
		3193E96E28A76D7D00AABF73 /* Main.storyboard in Resources */ = {isa = PBXBuildFile; fileRef = 3193E96C28A76D7D00AABF73 /* Main.storyboard */; };
		3193E97028A76D7F00AABF73 /* Assets.xcassets in Resources */ = {isa = PBXBuildFile; fileRef = 3193E96F28A76D7F00AABF73 /* Assets.xcassets */; };
		3193E97328A76D7F00AABF73 /* LaunchScreen.storyboard in Resources */ = {isa = PBXBuildFile; fileRef = 3193E97128A76D7F00AABF73 /* LaunchScreen.storyboard */; };
		3193E97E28A76D7F00AABF73 /* TrillAppTests.swift in Sources */ = {isa = PBXBuildFile; fileRef = 3193E97D28A76D7F00AABF73 /* TrillAppTests.swift */; };
		3193E98828A76D7F00AABF73 /* TrillAppUITests.swift in Sources */ = {isa = PBXBuildFile; fileRef = 3193E98728A76D7F00AABF73 /* TrillAppUITests.swift */; };
		3193E98A28A76D7F00AABF73 /* TrillAppUITestsLaunchTests.swift in Sources */ = {isa = PBXBuildFile; fileRef = 3193E98928A76D7F00AABF73 /* TrillAppUITestsLaunchTests.swift */; };
		3193E99F28A76FC500AABF73 /* String+Additions.swift in Sources */ = {isa = PBXBuildFile; fileRef = 3193E99E28A76FC500AABF73 /* String+Additions.swift */; };
		3193E9A228A7704000AABF73 /* UIImageView.swift in Sources */ = {isa = PBXBuildFile; fileRef = 3193E9A028A7704000AABF73 /* UIImageView.swift */; };
		3193E9A328A7704000AABF73 /* UIImage.swift in Sources */ = {isa = PBXBuildFile; fileRef = 3193E9A128A7704000AABF73 /* UIImage.swift */; };
		3193E9A528A771DD00AABF73 /* ArticleModel.swift in Sources */ = {isa = PBXBuildFile; fileRef = 3193E9A428A771DD00AABF73 /* ArticleModel.swift */; };
		3193E9A728A7721700AABF73 /* DBManager.swift in Sources */ = {isa = PBXBuildFile; fileRef = 3193E9A628A7721700AABF73 /* DBManager.swift */; };
		3193E9A928A772FC00AABF73 /* Result in Resources */ = {isa = PBXBuildFile; fileRef = 3193E9A828A772FC00AABF73 /* Result */; };
		3193E9AB28A7733C00AABF73 /* Parser in Resources */ = {isa = PBXBuildFile; fileRef = 3193E9AA28A7733C00AABF73 /* Parser */; };
		3193E9AD28A7736600AABF73 /* Network in Resources */ = {isa = PBXBuildFile; fileRef = 3193E9AC28A7736600AABF73 /* Network */; };
		3193E9AF28A7743100AABF73 /* APIService.swift in Sources */ = {isa = PBXBuildFile; fileRef = 3193E9AE28A7743100AABF73 /* APIService.swift */; };
		3193E9B128A774B500AABF73 /* UICustomButton.swift in Sources */ = {isa = PBXBuildFile; fileRef = 3193E9B028A774B500AABF73 /* UICustomButton.swift */; };
		7EF459A818B4C516A505F107 /* Pods_TrillApp.framework in Frameworks */ = {isa = PBXBuildFile; fileRef = 6065B4264D71840861A8BA28 /* Pods_TrillApp.framework */; };
		E5734E5EF4C1229DF8E45D56 /* Pods_TrillAppTests.framework in Frameworks */ = {isa = PBXBuildFile; fileRef = 3363188E018EE4DE6AFD4D4A /* Pods_TrillAppTests.framework */; };
/* End PBXBuildFile section */

/* Begin PBXContainerItemProxy section */
		3193E97A28A76D7F00AABF73 /* PBXContainerItemProxy */ = {
			isa = PBXContainerItemProxy;
			containerPortal = 3193E95B28A76D7D00AABF73 /* Project object */;
			proxyType = 1;
			remoteGlobalIDString = 3193E96228A76D7D00AABF73;
			remoteInfo = TrillApp;
		};
		3193E98428A76D7F00AABF73 /* PBXContainerItemProxy */ = {
			isa = PBXContainerItemProxy;
			containerPortal = 3193E95B28A76D7D00AABF73 /* Project object */;
			proxyType = 1;
			remoteGlobalIDString = 3193E96228A76D7D00AABF73;
			remoteInfo = TrillApp;
		};
/* End PBXContainerItemProxy section */

/* Begin PBXFileReference section */
		2ABE5BEE154FB7CC00D638B9 /* Pods-TrillApp-TrillAppUITests.release.xcconfig */ = {isa = PBXFileReference; includeInIndex = 1; lastKnownFileType = text.xcconfig; name = "Pods-TrillApp-TrillAppUITests.release.xcconfig"; path = "Target Support Files/Pods-TrillApp-TrillAppUITests/Pods-TrillApp-TrillAppUITests.release.xcconfig"; sourceTree = "<group>"; };
		2CA06CD462BD245701A8B345 /* Pods_TrillApp_TrillAppUITests.framework */ = {isa = PBXFileReference; explicitFileType = wrapper.framework; includeInIndex = 0; path = Pods_TrillApp_TrillAppUITests.framework; sourceTree = BUILT_PRODUCTS_DIR; };
		3193E96328A76D7D00AABF73 /* TrillApp.app */ = {isa = PBXFileReference; explicitFileType = wrapper.application; includeInIndex = 0; path = TrillApp.app; sourceTree = BUILT_PRODUCTS_DIR; };
		3193E96628A76D7D00AABF73 /* AppDelegate.swift */ = {isa = PBXFileReference; lastKnownFileType = sourcecode.swift; path = AppDelegate.swift; sourceTree = "<group>"; };
		3193E96828A76D7D00AABF73 /* SceneDelegate.swift */ = {isa = PBXFileReference; lastKnownFileType = sourcecode.swift; path = SceneDelegate.swift; sourceTree = "<group>"; };
		3193E96A28A76D7D00AABF73 /* ViewController.swift */ = {isa = PBXFileReference; lastKnownFileType = sourcecode.swift; path = ViewController.swift; sourceTree = "<group>"; };
		3193E96D28A76D7D00AABF73 /* Base */ = {isa = PBXFileReference; lastKnownFileType = file.storyboard; name = Base; path = Base.lproj/Main.storyboard; sourceTree = "<group>"; };
		3193E96F28A76D7F00AABF73 /* Assets.xcassets */ = {isa = PBXFileReference; lastKnownFileType = folder.assetcatalog; path = Assets.xcassets; sourceTree = "<group>"; };
		3193E97228A76D7F00AABF73 /* Base */ = {isa = PBXFileReference; lastKnownFileType = file.storyboard; name = Base; path = Base.lproj/LaunchScreen.storyboard; sourceTree = "<group>"; };
		3193E97428A76D7F00AABF73 /* Info.plist */ = {isa = PBXFileReference; lastKnownFileType = text.plist.xml; path = Info.plist; sourceTree = "<group>"; };
		3193E97928A76D7F00AABF73 /* TrillAppTests.xctest */ = {isa = PBXFileReference; explicitFileType = wrapper.cfbundle; includeInIndex = 0; path = TrillAppTests.xctest; sourceTree = BUILT_PRODUCTS_DIR; };
		3193E97D28A76D7F00AABF73 /* TrillAppTests.swift */ = {isa = PBXFileReference; lastKnownFileType = sourcecode.swift; path = TrillAppTests.swift; sourceTree = "<group>"; };
		3193E98328A76D7F00AABF73 /* TrillAppUITests.xctest */ = {isa = PBXFileReference; explicitFileType = wrapper.cfbundle; includeInIndex = 0; path = TrillAppUITests.xctest; sourceTree = BUILT_PRODUCTS_DIR; };
		3193E98728A76D7F00AABF73 /* TrillAppUITests.swift */ = {isa = PBXFileReference; lastKnownFileType = sourcecode.swift; path = TrillAppUITests.swift; sourceTree = "<group>"; };
		3193E98928A76D7F00AABF73 /* TrillAppUITestsLaunchTests.swift */ = {isa = PBXFileReference; lastKnownFileType = sourcecode.swift; path = TrillAppUITestsLaunchTests.swift; sourceTree = "<group>"; };
		3193E99E28A76FC500AABF73 /* String+Additions.swift */ = {isa = PBXFileReference; fileEncoding = 4; lastKnownFileType = sourcecode.swift; path = "String+Additions.swift"; sourceTree = "<group>"; };
		3193E9A028A7704000AABF73 /* UIImageView.swift */ = {isa = PBXFileReference; fileEncoding = 4; lastKnownFileType = sourcecode.swift; path = UIImageView.swift; sourceTree = "<group>"; };
		3193E9A128A7704000AABF73 /* UIImage.swift */ = {isa = PBXFileReference; fileEncoding = 4; lastKnownFileType = sourcecode.swift; path = UIImage.swift; sourceTree = "<group>"; };
		3193E9A428A771DD00AABF73 /* ArticleModel.swift */ = {isa = PBXFileReference; fileEncoding = 4; lastKnownFileType = sourcecode.swift; path = ArticleModel.swift; sourceTree = "<group>"; };
		3193E9A628A7721700AABF73 /* DBManager.swift */ = {isa = PBXFileReference; fileEncoding = 4; lastKnownFileType = sourcecode.swift; path = DBManager.swift; sourceTree = "<group>"; };
		3193E9A828A772FC00AABF73 /* Result */ = {isa = PBXFileReference; lastKnownFileType = folder; path = Result; sourceTree = "<group>"; };
		3193E9AA28A7733C00AABF73 /* Parser */ = {isa = PBXFileReference; lastKnownFileType = folder; path = Parser; sourceTree = "<group>"; };
		3193E9AC28A7736600AABF73 /* Network */ = {isa = PBXFileReference; lastKnownFileType = folder; path = Network; sourceTree = "<group>"; };
		3193E9AE28A7743100AABF73 /* APIService.swift */ = {isa = PBXFileReference; fileEncoding = 4; lastKnownFileType = sourcecode.swift; path = APIService.swift; sourceTree = "<group>"; };
		3193E9B028A774B500AABF73 /* UICustomButton.swift */ = {isa = PBXFileReference; fileEncoding = 4; lastKnownFileType = sourcecode.swift; path = UICustomButton.swift; sourceTree = "<group>"; };
		3363188E018EE4DE6AFD4D4A /* Pods_TrillAppTests.framework */ = {isa = PBXFileReference; explicitFileType = wrapper.framework; includeInIndex = 0; path = Pods_TrillAppTests.framework; sourceTree = BUILT_PRODUCTS_DIR; };
		6065B4264D71840861A8BA28 /* Pods_TrillApp.framework */ = {isa = PBXFileReference; explicitFileType = wrapper.framework; includeInIndex = 0; path = Pods_TrillApp.framework; sourceTree = BUILT_PRODUCTS_DIR; };
		77D10274BFF4A4D51FED2AF9 /* Pods-TrillAppTests.debug.xcconfig */ = {isa = PBXFileReference; includeInIndex = 1; lastKnownFileType = text.xcconfig; name = "Pods-TrillAppTests.debug.xcconfig"; path = "Target Support Files/Pods-TrillAppTests/Pods-TrillAppTests.debug.xcconfig"; sourceTree = "<group>"; };
		7CE61E9E73B3188175A7942C /* Pods-TrillApp.debug.xcconfig */ = {isa = PBXFileReference; includeInIndex = 1; lastKnownFileType = text.xcconfig; name = "Pods-TrillApp.debug.xcconfig"; path = "Target Support Files/Pods-TrillApp/Pods-TrillApp.debug.xcconfig"; sourceTree = "<group>"; };
		A661199F366C6B0E61A115EE /* Pods-TrillAppTests.release.xcconfig */ = {isa = PBXFileReference; includeInIndex = 1; lastKnownFileType = text.xcconfig; name = "Pods-TrillAppTests.release.xcconfig"; path = "Target Support Files/Pods-TrillAppTests/Pods-TrillAppTests.release.xcconfig"; sourceTree = "<group>"; };
		CE0CF5C10707E580CF1F5361 /* Pods-TrillApp-TrillAppUITests.debug.xcconfig */ = {isa = PBXFileReference; includeInIndex = 1; lastKnownFileType = text.xcconfig; name = "Pods-TrillApp-TrillAppUITests.debug.xcconfig"; path = "Target Support Files/Pods-TrillApp-TrillAppUITests/Pods-TrillApp-TrillAppUITests.debug.xcconfig"; sourceTree = "<group>"; };
		DFC94FC51A402FA8669F99CB /* Pods-TrillApp.release.xcconfig */ = {isa = PBXFileReference; includeInIndex = 1; lastKnownFileType = text.xcconfig; name = "Pods-TrillApp.release.xcconfig"; path = "Target Support Files/Pods-TrillApp/Pods-TrillApp.release.xcconfig"; sourceTree = "<group>"; };
/* End PBXFileReference section */

/* Begin PBXFrameworksBuildPhase section */
		3193E96028A76D7D00AABF73 /* Frameworks */ = {
			isa = PBXFrameworksBuildPhase;
			buildActionMask = 2147483647;
			files = (
				7EF459A818B4C516A505F107 /* Pods_TrillApp.framework in Frameworks */,
			);
			runOnlyForDeploymentPostprocessing = 0;
		};
		3193E97628A76D7F00AABF73 /* Frameworks */ = {
			isa = PBXFrameworksBuildPhase;
			buildActionMask = 2147483647;
			files = (
				E5734E5EF4C1229DF8E45D56 /* Pods_TrillAppTests.framework in Frameworks */,
			);
			runOnlyForDeploymentPostprocessing = 0;
		};
		3193E98028A76D7F00AABF73 /* Frameworks */ = {
			isa = PBXFrameworksBuildPhase;
			buildActionMask = 2147483647;
			files = (
				1C20194737A83DE7DF3CA6C4 /* Pods_TrillApp_TrillAppUITests.framework in Frameworks */,
			);
			runOnlyForDeploymentPostprocessing = 0;
		};
/* End PBXFrameworksBuildPhase section */

/* Begin PBXGroup section */
		3193E95A28A76D7D00AABF73 = {
			isa = PBXGroup;
			children = (
				3193E96528A76D7D00AABF73 /* TrillApp */,
				3193E97C28A76D7F00AABF73 /* TrillAppTests */,
				3193E98628A76D7F00AABF73 /* TrillAppUITests */,
				3193E96428A76D7D00AABF73 /* Products */,
				50208EA81C89554340D431B9 /* Pods */,
				E84E6CDC358C5E55E3E77651 /* Frameworks */,
			);
			sourceTree = "<group>";
		};
		3193E96428A76D7D00AABF73 /* Products */ = {
			isa = PBXGroup;
			children = (
				3193E96328A76D7D00AABF73 /* TrillApp.app */,
				3193E97928A76D7F00AABF73 /* TrillAppTests.xctest */,
				3193E98328A76D7F00AABF73 /* TrillAppUITests.xctest */,
			);
			name = Products;
			sourceTree = "<group>";
		};
		3193E96528A76D7D00AABF73 /* TrillApp */ = {
			isa = PBXGroup;
			children = (
				3193E99D28A76F4900AABF73 /* Extensions */,
				3193E99B28A76F1000AABF73 /* Services */,
				3193E99A28A76F0700AABF73 /* ViewModels */,
				3193E99928A76EFE00AABF73 /* Models */,
				3193E99828A76EF600AABF73 /* Views */,
				3193E99728A76EEF00AABF73 /* Core */,
				3193E99628A76EDC00AABF73 /* Managers */,
				3193E96628A76D7D00AABF73 /* AppDelegate.swift */,
				3193E96828A76D7D00AABF73 /* SceneDelegate.swift */,
				3193E96A28A76D7D00AABF73 /* ViewController.swift */,
				3193E96C28A76D7D00AABF73 /* Main.storyboard */,
				3193E96F28A76D7F00AABF73 /* Assets.xcassets */,
				3193E97128A76D7F00AABF73 /* LaunchScreen.storyboard */,
				3193E97428A76D7F00AABF73 /* Info.plist */,
			);
			path = TrillApp;
			sourceTree = "<group>";
		};
		3193E97C28A76D7F00AABF73 /* TrillAppTests */ = {
			isa = PBXGroup;
			children = (
				3193E97D28A76D7F00AABF73 /* TrillAppTests.swift */,
			);
			path = TrillAppTests;
			sourceTree = "<group>";
		};
		3193E98628A76D7F00AABF73 /* TrillAppUITests */ = {
			isa = PBXGroup;
			children = (
				3193E98728A76D7F00AABF73 /* TrillAppUITests.swift */,
				3193E98928A76D7F00AABF73 /* TrillAppUITestsLaunchTests.swift */,
			);
			path = TrillAppUITests;
			sourceTree = "<group>";
		};
		3193E99628A76EDC00AABF73 /* Managers */ = {
			isa = PBXGroup;
			children = (
				3193E9A628A7721700AABF73 /* DBManager.swift */,
			);
			path = Managers;
			sourceTree = "<group>";
		};
		3193E99728A76EEF00AABF73 /* Core */ = {
			isa = PBXGroup;
			children = (
				3193E9B028A774B500AABF73 /* UICustomButton.swift */,
			);
			path = Core;
			sourceTree = "<group>";
		};
		3193E99828A76EF600AABF73 /* Views */ = {
			isa = PBXGroup;
			children = (
			);
			path = Views;
			sourceTree = "<group>";
		};
		3193E99928A76EFE00AABF73 /* Models */ = {
			isa = PBXGroup;
			children = (
				3193E9A428A771DD00AABF73 /* ArticleModel.swift */,
			);
			path = Models;
			sourceTree = "<group>";
		};
		3193E99A28A76F0700AABF73 /* ViewModels */ = {
			isa = PBXGroup;
			children = (
			);
			path = ViewModels;
			sourceTree = "<group>";
		};
		3193E99B28A76F1000AABF73 /* Services */ = {
			isa = PBXGroup;
			children = (
				3193E9AE28A7743100AABF73 /* APIService.swift */,
				3193E9AC28A7736600AABF73 /* Network */,
				3193E9AA28A7733C00AABF73 /* Parser */,
				3193E9A828A772FC00AABF73 /* Result */,
			);
			path = Services;
			sourceTree = "<group>";
		};
		3193E99D28A76F4900AABF73 /* Extensions */ = {
			isa = PBXGroup;
			children = (
				3193E99E28A76FC500AABF73 /* String+Additions.swift */,
				3193E9A128A7704000AABF73 /* UIImage.swift */,
				3193E9A028A7704000AABF73 /* UIImageView.swift */,
			);
			path = Extensions;
			sourceTree = "<group>";
		};
		50208EA81C89554340D431B9 /* Pods */ = {
			isa = PBXGroup;
			children = (
				7CE61E9E73B3188175A7942C /* Pods-TrillApp.debug.xcconfig */,
				DFC94FC51A402FA8669F99CB /* Pods-TrillApp.release.xcconfig */,
				CE0CF5C10707E580CF1F5361 /* Pods-TrillApp-TrillAppUITests.debug.xcconfig */,
				2ABE5BEE154FB7CC00D638B9 /* Pods-TrillApp-TrillAppUITests.release.xcconfig */,
				77D10274BFF4A4D51FED2AF9 /* Pods-TrillAppTests.debug.xcconfig */,
				A661199F366C6B0E61A115EE /* Pods-TrillAppTests.release.xcconfig */,
			);
			path = Pods;
			sourceTree = "<group>";
		};
		E84E6CDC358C5E55E3E77651 /* Frameworks */ = {
			isa = PBXGroup;
			children = (
				6065B4264D71840861A8BA28 /* Pods_TrillApp.framework */,
				2CA06CD462BD245701A8B345 /* Pods_TrillApp_TrillAppUITests.framework */,
				3363188E018EE4DE6AFD4D4A /* Pods_TrillAppTests.framework */,
			);
			name = Frameworks;
			sourceTree = "<group>";
		};
/* End PBXGroup section */

/* Begin PBXNativeTarget section */
		3193E96228A76D7D00AABF73 /* TrillApp */ = {
			isa = PBXNativeTarget;
			buildConfigurationList = 3193E98D28A76D7F00AABF73 /* Build configuration list for PBXNativeTarget "TrillApp" */;
			buildPhases = (
				BA0C777ABA3ABF4C3486035D /* [CP] Check Pods Manifest.lock */,
				3193E95F28A76D7D00AABF73 /* Sources */,
				3193E96028A76D7D00AABF73 /* Frameworks */,
				3193E96128A76D7D00AABF73 /* Resources */,
				19BBFE72795D64C9E0110B44 /* [CP] Embed Pods Frameworks */,
			);
			buildRules = (
			);
			dependencies = (
			);
			name = TrillApp;
			productName = TrillApp;
			productReference = 3193E96328A76D7D00AABF73 /* TrillApp.app */;
			productType = "com.apple.product-type.application";
		};
		3193E97828A76D7F00AABF73 /* TrillAppTests */ = {
			isa = PBXNativeTarget;
			buildConfigurationList = 3193E99028A76D7F00AABF73 /* Build configuration list for PBXNativeTarget "TrillAppTests" */;
			buildPhases = (
				BB1C432A9EEBC8ACDBAC099E /* [CP] Check Pods Manifest.lock */,
				3193E97528A76D7F00AABF73 /* Sources */,
				3193E97628A76D7F00AABF73 /* Frameworks */,
				3193E97728A76D7F00AABF73 /* Resources */,
			);
			buildRules = (
			);
			dependencies = (
				3193E97B28A76D7F00AABF73 /* PBXTargetDependency */,
			);
			name = TrillAppTests;
			productName = TrillAppTests;
			productReference = 3193E97928A76D7F00AABF73 /* TrillAppTests.xctest */;
			productType = "com.apple.product-type.bundle.unit-test";
		};
		3193E98228A76D7F00AABF73 /* TrillAppUITests */ = {
			isa = PBXNativeTarget;
			buildConfigurationList = 3193E99328A76D7F00AABF73 /* Build configuration list for PBXNativeTarget "TrillAppUITests" */;
			buildPhases = (
				6C8E9030DA2245FFDC334AF9 /* [CP] Check Pods Manifest.lock */,
				3193E97F28A76D7F00AABF73 /* Sources */,
				3193E98028A76D7F00AABF73 /* Frameworks */,
				3193E98128A76D7F00AABF73 /* Resources */,
				0289788534B4005D7214659E /* [CP] Embed Pods Frameworks */,
			);
			buildRules = (
			);
			dependencies = (
				3193E98528A76D7F00AABF73 /* PBXTargetDependency */,
			);
			name = TrillAppUITests;
			productName = TrillAppUITests;
			productReference = 3193E98328A76D7F00AABF73 /* TrillAppUITests.xctest */;
			productType = "com.apple.product-type.bundle.ui-testing";
		};
/* End PBXNativeTarget section */

/* Begin PBXProject section */
		3193E95B28A76D7D00AABF73 /* Project object */ = {
			isa = PBXProject;
			attributes = {
				BuildIndependentTargetsInParallel = 1;
				LastSwiftUpdateCheck = 1340;
				LastUpgradeCheck = 1340;
				TargetAttributes = {
					3193E96228A76D7D00AABF73 = {
						CreatedOnToolsVersion = 13.4.1;
					};
					3193E97828A76D7F00AABF73 = {
						CreatedOnToolsVersion = 13.4.1;
						TestTargetID = 3193E96228A76D7D00AABF73;
					};
					3193E98228A76D7F00AABF73 = {
						CreatedOnToolsVersion = 13.4.1;
						TestTargetID = 3193E96228A76D7D00AABF73;
					};
				};
			};
			buildConfigurationList = 3193E95E28A76D7D00AABF73 /* Build configuration list for PBXProject "TrillApp" */;
			compatibilityVersion = "Xcode 13.0";
			developmentRegion = en;
			hasScannedForEncodings = 0;
			knownRegions = (
				en,
				Base,
			);
			mainGroup = 3193E95A28A76D7D00AABF73;
			productRefGroup = 3193E96428A76D7D00AABF73 /* Products */;
			projectDirPath = "";
			projectRoot = "";
			targets = (
				3193E96228A76D7D00AABF73 /* TrillApp */,
				3193E97828A76D7F00AABF73 /* TrillAppTests */,
				3193E98228A76D7F00AABF73 /* TrillAppUITests */,
			);
		};
/* End PBXProject section */

/* Begin PBXResourcesBuildPhase section */
		3193E96128A76D7D00AABF73 /* Resources */ = {
			isa = PBXResourcesBuildPhase;
			buildActionMask = 2147483647;
			files = (
				3193E9AB28A7733C00AABF73 /* Parser in Resources */,
				3193E97328A76D7F00AABF73 /* LaunchScreen.storyboard in Resources */,
				3193E9A928A772FC00AABF73 /* Result in Resources */,
				3193E9AD28A7736600AABF73 /* Network in Resources */,
				3193E97028A76D7F00AABF73 /* Assets.xcassets in Resources */,
				3193E96E28A76D7D00AABF73 /* Main.storyboard in Resources */,
			);
			runOnlyForDeploymentPostprocessing = 0;
		};
		3193E97728A76D7F00AABF73 /* Resources */ = {
			isa = PBXResourcesBuildPhase;
			buildActionMask = 2147483647;
			files = (
			);
			runOnlyForDeploymentPostprocessing = 0;
		};
		3193E98128A76D7F00AABF73 /* Resources */ = {
			isa = PBXResourcesBuildPhase;
			buildActionMask = 2147483647;
			files = (
			);
			runOnlyForDeploymentPostprocessing = 0;
		};
/* End PBXResourcesBuildPhase section */

/* Begin PBXShellScriptBuildPhase section */
		0289788534B4005D7214659E /* [CP] Embed Pods Frameworks */ = {
			isa = PBXShellScriptBuildPhase;
			buildActionMask = 2147483647;
			files = (
			);
			inputFileListPaths = (
				"${PODS_ROOT}/Target Support Files/Pods-TrillApp-TrillAppUITests/Pods-TrillApp-TrillAppUITests-frameworks-${CONFIGURATION}-input-files.xcfilelist",
			);
			name = "[CP] Embed Pods Frameworks";
			outputFileListPaths = (
				"${PODS_ROOT}/Target Support Files/Pods-TrillApp-TrillAppUITests/Pods-TrillApp-TrillAppUITests-frameworks-${CONFIGURATION}-output-files.xcfilelist",
			);
			runOnlyForDeploymentPostprocessing = 0;
			shellPath = /bin/sh;
			shellScript = "\"${PODS_ROOT}/Target Support Files/Pods-TrillApp-TrillAppUITests/Pods-TrillApp-TrillAppUITests-frameworks.sh\"\n";
			showEnvVarsInLog = 0;
		};
		19BBFE72795D64C9E0110B44 /* [CP] Embed Pods Frameworks */ = {
			isa = PBXShellScriptBuildPhase;
			buildActionMask = 2147483647;
			files = (
			);
			inputFileListPaths = (
				"${PODS_ROOT}/Target Support Files/Pods-TrillApp/Pods-TrillApp-frameworks-${CONFIGURATION}-input-files.xcfilelist",
			);
			name = "[CP] Embed Pods Frameworks";
			outputFileListPaths = (
				"${PODS_ROOT}/Target Support Files/Pods-TrillApp/Pods-TrillApp-frameworks-${CONFIGURATION}-output-files.xcfilelist",
			);
			runOnlyForDeploymentPostprocessing = 0;
			shellPath = /bin/sh;
			shellScript = "\"${PODS_ROOT}/Target Support Files/Pods-TrillApp/Pods-TrillApp-frameworks.sh\"\n";
			showEnvVarsInLog = 0;
		};
		6C8E9030DA2245FFDC334AF9 /* [CP] Check Pods Manifest.lock */ = {
			isa = PBXShellScriptBuildPhase;
			buildActionMask = 2147483647;
			files = (
			);
			inputFileListPaths = (
			);
			inputPaths = (
				"${PODS_PODFILE_DIR_PATH}/Podfile.lock",
				"${PODS_ROOT}/Manifest.lock",
			);
			name = "[CP] Check Pods Manifest.lock";
			outputFileListPaths = (
			);
			outputPaths = (
				"$(DERIVED_FILE_DIR)/Pods-TrillApp-TrillAppUITests-checkManifestLockResult.txt",
			);
			runOnlyForDeploymentPostprocessing = 0;
			shellPath = /bin/sh;
			shellScript = "diff \"${PODS_PODFILE_DIR_PATH}/Podfile.lock\" \"${PODS_ROOT}/Manifest.lock\" > /dev/null\nif [ $? != 0 ] ; then\n    # print error to STDERR\n    echo \"error: The sandbox is not in sync with the Podfile.lock. Run 'pod install' or update your CocoaPods installation.\" >&2\n    exit 1\nfi\n# This output is used by Xcode 'outputs' to avoid re-running this script phase.\necho \"SUCCESS\" > \"${SCRIPT_OUTPUT_FILE_0}\"\n";
			showEnvVarsInLog = 0;
		};
		BA0C777ABA3ABF4C3486035D /* [CP] Check Pods Manifest.lock */ = {
			isa = PBXShellScriptBuildPhase;
			buildActionMask = 2147483647;
			files = (
			);
			inputFileListPaths = (
			);
			inputPaths = (
				"${PODS_PODFILE_DIR_PATH}/Podfile.lock",
				"${PODS_ROOT}/Manifest.lock",
			);
			name = "[CP] Check Pods Manifest.lock";
			outputFileListPaths = (
			);
			outputPaths = (
				"$(DERIVED_FILE_DIR)/Pods-TrillApp-checkManifestLockResult.txt",
			);
			runOnlyForDeploymentPostprocessing = 0;
			shellPath = /bin/sh;
			shellScript = "diff \"${PODS_PODFILE_DIR_PATH}/Podfile.lock\" \"${PODS_ROOT}/Manifest.lock\" > /dev/null\nif [ $? != 0 ] ; then\n    # print error to STDERR\n    echo \"error: The sandbox is not in sync with the Podfile.lock. Run 'pod install' or update your CocoaPods installation.\" >&2\n    exit 1\nfi\n# This output is used by Xcode 'outputs' to avoid re-running this script phase.\necho \"SUCCESS\" > \"${SCRIPT_OUTPUT_FILE_0}\"\n";
			showEnvVarsInLog = 0;
		};
		BB1C432A9EEBC8ACDBAC099E /* [CP] Check Pods Manifest.lock */ = {
			isa = PBXShellScriptBuildPhase;
			buildActionMask = 2147483647;
			files = (
			);
			inputFileListPaths = (
			);
			inputPaths = (
				"${PODS_PODFILE_DIR_PATH}/Podfile.lock",
				"${PODS_ROOT}/Manifest.lock",
			);
			name = "[CP] Check Pods Manifest.lock";
			outputFileListPaths = (
			);
			outputPaths = (
				"$(DERIVED_FILE_DIR)/Pods-TrillAppTests-checkManifestLockResult.txt",
			);
			runOnlyForDeploymentPostprocessing = 0;
			shellPath = /bin/sh;
			shellScript = "diff \"${PODS_PODFILE_DIR_PATH}/Podfile.lock\" \"${PODS_ROOT}/Manifest.lock\" > /dev/null\nif [ $? != 0 ] ; then\n    # print error to STDERR\n    echo \"error: The sandbox is not in sync with the Podfile.lock. Run 'pod install' or update your CocoaPods installation.\" >&2\n    exit 1\nfi\n# This output is used by Xcode 'outputs' to avoid re-running this script phase.\necho \"SUCCESS\" > \"${SCRIPT_OUTPUT_FILE_0}\"\n";
			showEnvVarsInLog = 0;
		};
/* End PBXShellScriptBuildPhase section */

/* Begin PBXSourcesBuildPhase section */
		3193E95F28A76D7D00AABF73 /* Sources */ = {
			isa = PBXSourcesBuildPhase;
			buildActionMask = 2147483647;
			files = (
				3193E9B128A774B500AABF73 /* UICustomButton.swift in Sources */,
				3193E96B28A76D7D00AABF73 /* ViewController.swift in Sources */,
				3193E9A228A7704000AABF73 /* UIImageView.swift in Sources */,
				3193E96728A76D7D00AABF73 /* AppDelegate.swift in Sources */,
				3193E9A728A7721700AABF73 /* DBManager.swift in Sources */,
				3193E9A328A7704000AABF73 /* UIImage.swift in Sources */,
				3193E99F28A76FC500AABF73 /* String+Additions.swift in Sources */,
				3193E9A528A771DD00AABF73 /* ArticleModel.swift in Sources */,
				3193E9AF28A7743100AABF73 /* APIService.swift in Sources */,
				3193E96928A76D7D00AABF73 /* SceneDelegate.swift in Sources */,
			);
			runOnlyForDeploymentPostprocessing = 0;
		};
		3193E97528A76D7F00AABF73 /* Sources */ = {
			isa = PBXSourcesBuildPhase;
			buildActionMask = 2147483647;
			files = (
				3193E97E28A76D7F00AABF73 /* TrillAppTests.swift in Sources */,
			);
			runOnlyForDeploymentPostprocessing = 0;
		};
		3193E97F28A76D7F00AABF73 /* Sources */ = {
			isa = PBXSourcesBuildPhase;
			buildActionMask = 2147483647;
			files = (
				3193E98A28A76D7F00AABF73 /* TrillAppUITestsLaunchTests.swift in Sources */,
				3193E98828A76D7F00AABF73 /* TrillAppUITests.swift in Sources */,
			);
			runOnlyForDeploymentPostprocessing = 0;
		};
/* End PBXSourcesBuildPhase section */

/* Begin PBXTargetDependency section */
		3193E97B28A76D7F00AABF73 /* PBXTargetDependency */ = {
			isa = PBXTargetDependency;
			target = 3193E96228A76D7D00AABF73 /* TrillApp */;
			targetProxy = 3193E97A28A76D7F00AABF73 /* PBXContainerItemProxy */;
		};
		3193E98528A76D7F00AABF73 /* PBXTargetDependency */ = {
			isa = PBXTargetDependency;
			target = 3193E96228A76D7D00AABF73 /* TrillApp */;
			targetProxy = 3193E98428A76D7F00AABF73 /* PBXContainerItemProxy */;
		};
/* End PBXTargetDependency section */

/* Begin PBXVariantGroup section */
		3193E96C28A76D7D00AABF73 /* Main.storyboard */ = {
			isa = PBXVariantGroup;
			children = (
				3193E96D28A76D7D00AABF73 /* Base */,
			);
			name = Main.storyboard;
			sourceTree = "<group>";
		};
		3193E97128A76D7F00AABF73 /* LaunchScreen.storyboard */ = {
			isa = PBXVariantGroup;
			children = (
				3193E97228A76D7F00AABF73 /* Base */,
			);
			name = LaunchScreen.storyboard;
			sourceTree = "<group>";
		};
/* End PBXVariantGroup section */

/* Begin XCBuildConfiguration section */
		3193E98B28A76D7F00AABF73 /* Debug */ = {
			isa = XCBuildConfiguration;
			buildSettings = {
				ALWAYS_SEARCH_USER_PATHS = NO;
				CLANG_ANALYZER_NONNULL = YES;
				CLANG_ANALYZER_NUMBER_OBJECT_CONVERSION = YES_AGGRESSIVE;
				CLANG_CXX_LANGUAGE_STANDARD = "gnu++17";
				CLANG_ENABLE_MODULES = YES;
				CLANG_ENABLE_OBJC_ARC = YES;
				CLANG_ENABLE_OBJC_WEAK = YES;
				CLANG_WARN_BLOCK_CAPTURE_AUTORELEASING = YES;
				CLANG_WARN_BOOL_CONVERSION = YES;
				CLANG_WARN_COMMA = YES;
				CLANG_WARN_CONSTANT_CONVERSION = YES;
				CLANG_WARN_DEPRECATED_OBJC_IMPLEMENTATIONS = YES;
				CLANG_WARN_DIRECT_OBJC_ISA_USAGE = YES_ERROR;
				CLANG_WARN_DOCUMENTATION_COMMENTS = YES;
				CLANG_WARN_EMPTY_BODY = YES;
				CLANG_WARN_ENUM_CONVERSION = YES;
				CLANG_WARN_INFINITE_RECURSION = YES;
				CLANG_WARN_INT_CONVERSION = YES;
				CLANG_WARN_NON_LITERAL_NULL_CONVERSION = YES;
				CLANG_WARN_OBJC_IMPLICIT_RETAIN_SELF = YES;
				CLANG_WARN_OBJC_LITERAL_CONVERSION = YES;
				CLANG_WARN_OBJC_ROOT_CLASS = YES_ERROR;
				CLANG_WARN_QUOTED_INCLUDE_IN_FRAMEWORK_HEADER = YES;
				CLANG_WARN_RANGE_LOOP_ANALYSIS = YES;
				CLANG_WARN_STRICT_PROTOTYPES = YES;
				CLANG_WARN_SUSPICIOUS_MOVE = YES;
				CLANG_WARN_UNGUARDED_AVAILABILITY = YES_AGGRESSIVE;
				CLANG_WARN_UNREACHABLE_CODE = YES;
				CLANG_WARN__DUPLICATE_METHOD_MATCH = YES;
				COPY_PHASE_STRIP = NO;
				DEBUG_INFORMATION_FORMAT = dwarf;
				ENABLE_STRICT_OBJC_MSGSEND = YES;
				ENABLE_TESTABILITY = YES;
				GCC_C_LANGUAGE_STANDARD = gnu11;
				GCC_DYNAMIC_NO_PIC = NO;
				GCC_NO_COMMON_BLOCKS = YES;
				GCC_OPTIMIZATION_LEVEL = 0;
				GCC_PREPROCESSOR_DEFINITIONS = (
					"DEBUG=1",
					"$(inherited)",
				);
				GCC_WARN_64_TO_32_BIT_CONVERSION = YES;
				GCC_WARN_ABOUT_RETURN_TYPE = YES_ERROR;
				GCC_WARN_UNDECLARED_SELECTOR = YES;
				GCC_WARN_UNINITIALIZED_AUTOS = YES_AGGRESSIVE;
				GCC_WARN_UNUSED_FUNCTION = YES;
				GCC_WARN_UNUSED_VARIABLE = YES;
				IPHONEOS_DEPLOYMENT_TARGET = 15.5;
				MTL_ENABLE_DEBUG_INFO = INCLUDE_SOURCE;
				MTL_FAST_MATH = YES;
				ONLY_ACTIVE_ARCH = YES;
				SDKROOT = iphoneos;
				SWIFT_ACTIVE_COMPILATION_CONDITIONS = DEBUG;
				SWIFT_OPTIMIZATION_LEVEL = "-Onone";
			};
			name = Debug;
		};
		3193E98C28A76D7F00AABF73 /* Release */ = {
			isa = XCBuildConfiguration;
			buildSettings = {
				ALWAYS_SEARCH_USER_PATHS = NO;
				CLANG_ANALYZER_NONNULL = YES;
				CLANG_ANALYZER_NUMBER_OBJECT_CONVERSION = YES_AGGRESSIVE;
				CLANG_CXX_LANGUAGE_STANDARD = "gnu++17";
				CLANG_ENABLE_MODULES = YES;
				CLANG_ENABLE_OBJC_ARC = YES;
				CLANG_ENABLE_OBJC_WEAK = YES;
				CLANG_WARN_BLOCK_CAPTURE_AUTORELEASING = YES;
				CLANG_WARN_BOOL_CONVERSION = YES;
				CLANG_WARN_COMMA = YES;
				CLANG_WARN_CONSTANT_CONVERSION = YES;
				CLANG_WARN_DEPRECATED_OBJC_IMPLEMENTATIONS = YES;
				CLANG_WARN_DIRECT_OBJC_ISA_USAGE = YES_ERROR;
				CLANG_WARN_DOCUMENTATION_COMMENTS = YES;
				CLANG_WARN_EMPTY_BODY = YES;
				CLANG_WARN_ENUM_CONVERSION = YES;
				CLANG_WARN_INFINITE_RECURSION = YES;
				CLANG_WARN_INT_CONVERSION = YES;
				CLANG_WARN_NON_LITERAL_NULL_CONVERSION = YES;
				CLANG_WARN_OBJC_IMPLICIT_RETAIN_SELF = YES;
				CLANG_WARN_OBJC_LITERAL_CONVERSION = YES;
				CLANG_WARN_OBJC_ROOT_CLASS = YES_ERROR;
				CLANG_WARN_QUOTED_INCLUDE_IN_FRAMEWORK_HEADER = YES;
				CLANG_WARN_RANGE_LOOP_ANALYSIS = YES;
				CLANG_WARN_STRICT_PROTOTYPES = YES;
				CLANG_WARN_SUSPICIOUS_MOVE = YES;
				CLANG_WARN_UNGUARDED_AVAILABILITY = YES_AGGRESSIVE;
				CLANG_WARN_UNREACHABLE_CODE = YES;
				CLANG_WARN__DUPLICATE_METHOD_MATCH = YES;
				COPY_PHASE_STRIP = NO;
				DEBUG_INFORMATION_FORMAT = "dwarf-with-dsym";
				ENABLE_NS_ASSERTIONS = NO;
				ENABLE_STRICT_OBJC_MSGSEND = YES;
				GCC_C_LANGUAGE_STANDARD = gnu11;
				GCC_NO_COMMON_BLOCKS = YES;
				GCC_WARN_64_TO_32_BIT_CONVERSION = YES;
				GCC_WARN_ABOUT_RETURN_TYPE = YES_ERROR;
				GCC_WARN_UNDECLARED_SELECTOR = YES;
				GCC_WARN_UNINITIALIZED_AUTOS = YES_AGGRESSIVE;
				GCC_WARN_UNUSED_FUNCTION = YES;
				GCC_WARN_UNUSED_VARIABLE = YES;
				IPHONEOS_DEPLOYMENT_TARGET = 15.5;
				MTL_ENABLE_DEBUG_INFO = NO;
				MTL_FAST_MATH = YES;
				SDKROOT = iphoneos;
				SWIFT_COMPILATION_MODE = wholemodule;
				SWIFT_OPTIMIZATION_LEVEL = "-O";
				VALIDATE_PRODUCT = YES;
			};
			name = Release;
		};
		3193E98E28A76D7F00AABF73 /* Debug */ = {
			isa = XCBuildConfiguration;
			baseConfigurationReference = 7CE61E9E73B3188175A7942C /* Pods-TrillApp.debug.xcconfig */;
			buildSettings = {
				ASSETCATALOG_COMPILER_APPICON_NAME = AppIcon;
				ASSETCATALOG_COMPILER_GLOBAL_ACCENT_COLOR_NAME = AccentColor;
				CODE_SIGN_STYLE = Automatic;
				CURRENT_PROJECT_VERSION = 1;
				GENERATE_INFOPLIST_FILE = YES;
				INFOPLIST_FILE = TrillApp/Info.plist;
				INFOPLIST_KEY_UIApplicationSupportsIndirectInputEvents = YES;
				INFOPLIST_KEY_UILaunchStoryboardName = LaunchScreen;
				INFOPLIST_KEY_UIMainStoryboardFile = Main;
				INFOPLIST_KEY_UISupportedInterfaceOrientations_iPad = "UIInterfaceOrientationPortrait UIInterfaceOrientationPortraitUpsideDown UIInterfaceOrientationLandscapeLeft UIInterfaceOrientationLandscapeRight";
				INFOPLIST_KEY_UISupportedInterfaceOrientations_iPhone = "UIInterfaceOrientationPortrait UIInterfaceOrientationLandscapeLeft UIInterfaceOrientationLandscapeRight";
				LD_RUNPATH_SEARCH_PATHS = (
					"$(inherited)",
					"@executable_path/Frameworks",
				);
				MARKETING_VERSION = 1.0;
				PRODUCT_BUNDLE_IDENTIFIER = com.zahid.TrillApp;
				PRODUCT_NAME = "$(TARGET_NAME)";
				SWIFT_EMIT_LOC_STRINGS = YES;
				SWIFT_VERSION = 5.0;
				TARGETED_DEVICE_FAMILY = "1,2";
			};
			name = Debug;
		};
		3193E98F28A76D7F00AABF73 /* Release */ = {
			isa = XCBuildConfiguration;
			baseConfigurationReference = DFC94FC51A402FA8669F99CB /* Pods-TrillApp.release.xcconfig */;
			buildSettings = {
				ASSETCATALOG_COMPILER_APPICON_NAME = AppIcon;
				ASSETCATALOG_COMPILER_GLOBAL_ACCENT_COLOR_NAME = AccentColor;
				CODE_SIGN_STYLE = Automatic;
				CURRENT_PROJECT_VERSION = 1;
				GENERATE_INFOPLIST_FILE = YES;
				INFOPLIST_FILE = TrillApp/Info.plist;
				INFOPLIST_KEY_UIApplicationSupportsIndirectInputEvents = YES;
				INFOPLIST_KEY_UILaunchStoryboardName = LaunchScreen;
				INFOPLIST_KEY_UIMainStoryboardFile = Main;
				INFOPLIST_KEY_UISupportedInterfaceOrientations_iPad = "UIInterfaceOrientationPortrait UIInterfaceOrientationPortraitUpsideDown UIInterfaceOrientationLandscapeLeft UIInterfaceOrientationLandscapeRight";
				INFOPLIST_KEY_UISupportedInterfaceOrientations_iPhone = "UIInterfaceOrientationPortrait UIInterfaceOrientationLandscapeLeft UIInterfaceOrientationLandscapeRight";
				LD_RUNPATH_SEARCH_PATHS = (
					"$(inherited)",
					"@executable_path/Frameworks",
				);
				MARKETING_VERSION = 1.0;
				PRODUCT_BUNDLE_IDENTIFIER = com.zahid.TrillApp;
				PRODUCT_NAME = "$(TARGET_NAME)";
				SWIFT_EMIT_LOC_STRINGS = YES;
				SWIFT_VERSION = 5.0;
				TARGETED_DEVICE_FAMILY = "1,2";
			};
			name = Release;
		};
		3193E99128A76D7F00AABF73 /* Debug */ = {
			isa = XCBuildConfiguration;
			baseConfigurationReference = 77D10274BFF4A4D51FED2AF9 /* Pods-TrillAppTests.debug.xcconfig */;
			buildSettings = {
				ALWAYS_EMBED_SWIFT_STANDARD_LIBRARIES = YES;
				BUNDLE_LOADER = "$(TEST_HOST)";
				CODE_SIGN_STYLE = Automatic;
				CURRENT_PROJECT_VERSION = 1;
				GENERATE_INFOPLIST_FILE = YES;
				IPHONEOS_DEPLOYMENT_TARGET = 15.5;
				MARKETING_VERSION = 1.0;
				PRODUCT_BUNDLE_IDENTIFIER = com.zahid.TrillAppTests;
				PRODUCT_NAME = "$(TARGET_NAME)";
				SWIFT_EMIT_LOC_STRINGS = NO;
				SWIFT_VERSION = 5.0;
				TARGETED_DEVICE_FAMILY = "1,2";
				TEST_HOST = "$(BUILT_PRODUCTS_DIR)/TrillApp.app/TrillApp";
			};
			name = Debug;
		};
		3193E99228A76D7F00AABF73 /* Release */ = {
			isa = XCBuildConfiguration;
			baseConfigurationReference = A661199F366C6B0E61A115EE /* Pods-TrillAppTests.release.xcconfig */;
			buildSettings = {
				ALWAYS_EMBED_SWIFT_STANDARD_LIBRARIES = YES;
				BUNDLE_LOADER = "$(TEST_HOST)";
				CODE_SIGN_STYLE = Automatic;
				CURRENT_PROJECT_VERSION = 1;
				GENERATE_INFOPLIST_FILE = YES;
				IPHONEOS_DEPLOYMENT_TARGET = 15.5;
				MARKETING_VERSION = 1.0;
				PRODUCT_BUNDLE_IDENTIFIER = com.zahid.TrillAppTests;
				PRODUCT_NAME = "$(TARGET_NAME)";
				SWIFT_EMIT_LOC_STRINGS = NO;
				SWIFT_VERSION = 5.0;
				TARGETED_DEVICE_FAMILY = "1,2";
				TEST_HOST = "$(BUILT_PRODUCTS_DIR)/TrillApp.app/TrillApp";
			};
			name = Release;
		};
		3193E99428A76D7F00AABF73 /* Debug */ = {
			isa = XCBuildConfiguration;
			baseConfigurationReference = CE0CF5C10707E580CF1F5361 /* Pods-TrillApp-TrillAppUITests.debug.xcconfig */;
			buildSettings = {
				ALWAYS_EMBED_SWIFT_STANDARD_LIBRARIES = YES;
				CODE_SIGN_STYLE = Automatic;
				CURRENT_PROJECT_VERSION = 1;
				GENERATE_INFOPLIST_FILE = YES;
				MARKETING_VERSION = 1.0;
				PRODUCT_BUNDLE_IDENTIFIER = com.zahid.TrillAppUITests;
				PRODUCT_NAME = "$(TARGET_NAME)";
				SWIFT_EMIT_LOC_STRINGS = NO;
				SWIFT_VERSION = 5.0;
				TARGETED_DEVICE_FAMILY = "1,2";
				TEST_TARGET_NAME = TrillApp;
			};
			name = Debug;
		};
		3193E99528A76D7F00AABF73 /* Release */ = {
			isa = XCBuildConfiguration;
			baseConfigurationReference = 2ABE5BEE154FB7CC00D638B9 /* Pods-TrillApp-TrillAppUITests.release.xcconfig */;
			buildSettings = {
				ALWAYS_EMBED_SWIFT_STANDARD_LIBRARIES = YES;
				CODE_SIGN_STYLE = Automatic;
				CURRENT_PROJECT_VERSION = 1;
				GENERATE_INFOPLIST_FILE = YES;
				MARKETING_VERSION = 1.0;
				PRODUCT_BUNDLE_IDENTIFIER = com.zahid.TrillAppUITests;
				PRODUCT_NAME = "$(TARGET_NAME)";
				SWIFT_EMIT_LOC_STRINGS = NO;
				SWIFT_VERSION = 5.0;
				TARGETED_DEVICE_FAMILY = "1,2";
				TEST_TARGET_NAME = TrillApp;
			};
			name = Release;
		};
/* End XCBuildConfiguration section */

/* Begin XCConfigurationList section */
		3193E95E28A76D7D00AABF73 /* Build configuration list for PBXProject "TrillApp" */ = {
			isa = XCConfigurationList;
			buildConfigurations = (
				3193E98B28A76D7F00AABF73 /* Debug */,
				3193E98C28A76D7F00AABF73 /* Release */,
			);
			defaultConfigurationIsVisible = 0;
			defaultConfigurationName = Release;
		};
		3193E98D28A76D7F00AABF73 /* Build configuration list for PBXNativeTarget "TrillApp" */ = {
			isa = XCConfigurationList;
			buildConfigurations = (
				3193E98E28A76D7F00AABF73 /* Debug */,
				3193E98F28A76D7F00AABF73 /* Release */,
			);
			defaultConfigurationIsVisible = 0;
			defaultConfigurationName = Release;
		};
		3193E99028A76D7F00AABF73 /* Build configuration list for PBXNativeTarget "TrillAppTests" */ = {
			isa = XCConfigurationList;
			buildConfigurations = (
				3193E99128A76D7F00AABF73 /* Debug */,
				3193E99228A76D7F00AABF73 /* Release */,
			);
			defaultConfigurationIsVisible = 0;
			defaultConfigurationName = Release;
		};
		3193E99328A76D7F00AABF73 /* Build configuration list for PBXNativeTarget "TrillAppUITests" */ = {
			isa = XCConfigurationList;
			buildConfigurations = (
				3193E99428A76D7F00AABF73 /* Debug */,
				3193E99528A76D7F00AABF73 /* Release */,
			);
			defaultConfigurationIsVisible = 0;
			defaultConfigurationName = Release;
		};
/* End XCConfigurationList section */
	};
	rootObject = 3193E95B28A76D7D00AABF73 /* Project object */;
}
