// !$*UTF8*$!
{
	archiveVersion = 1;
	classes = {
	};
	objectVersion = 55;
	objects = {

/* Begin PBXBuildFile section */
		3193E96728A76D7D00AABF73 /* AppDelegate.swift in Sources */ = {isa = PBXBuildFile; fileRef = 3193E96628A76D7D00AABF73 /* AppDelegate.swift */; };
		3193E96928A76D7D00AABF73 /* SceneDelegate.swift in Sources */ = {isa = PBXBuildFile; fileRef = 3193E96828A76D7D00AABF73 /* SceneDelegate.swift */; };
		3193E96B28A76D7D00AABF73 /* ViewController.swift in Sources */ = {isa = PBXBuildFile; fileRef = 3193E96A28A76D7D00AABF73 /* ViewController.swift */; };
		3193E97028A76D7F00AABF73 /* Assets.xcassets in Resources */ = {isa = PBXBuildFile; fileRef = 3193E96F28A76D7F00AABF73 /* Assets.xcassets */; };
		3193E97328A76D7F00AABF73 /* LaunchScreen.storyboard in Resources */ = {isa = PBXBuildFile; fileRef = 3193E97128A76D7F00AABF73 /* LaunchScreen.storyboard */; };
		3193E97E28A76D7F00AABF73 /* TrillAppTests.swift in Sources */ = {isa = PBXBuildFile; fileRef = 3193E97D28A76D7F00AABF73 /* TrillAppTests.swift */; };
		3193E98828A76D7F00AABF73 /* TrillAppUITests.swift in Sources */ = {isa = PBXBuildFile; fileRef = 3193E98728A76D7F00AABF73 /* TrillAppUITests.swift */; };
		3193E98A28A76D7F00AABF73 /* TrillAppUITestsLaunchTests.swift in Sources */ = {isa = PBXBuildFile; fileRef = 3193E98928A76D7F00AABF73 /* TrillAppUITestsLaunchTests.swift */; };
		3193E99F28A76FC500AABF73 /* String+Additions.swift in Sources */ = {isa = PBXBuildFile; fileRef = 3193E99E28A76FC500AABF73 /* String+Additions.swift */; };
		3193E9A228A7704000AABF73 /* UIImageView.swift in Sources */ = {isa = PBXBuildFile; fileRef = 3193E9A028A7704000AABF73 /* UIImageView.swift */; };
		3193E9A328A7704000AABF73 /* UIImage.swift in Sources */ = {isa = PBXBuildFile; fileRef = 3193E9A128A7704000AABF73 /* UIImage.swift */; };
		3193E9A528A771DD00AABF73 /* ArticleModel.swift in Sources */ = {isa = PBXBuildFile; fileRef = 3193E9A428A771DD00AABF73 /* ArticleModel.swift */; };
		3193E9A728A7721700AABF73 /* DBManager.swift in Sources */ = {isa = PBXBuildFile; fileRef = 3193E9A628A7721700AABF73 /* DBManager.swift */; };
		3193E9AF28A7743100AABF73 /* APIService.swift in Sources */ = {isa = PBXBuildFile; fileRef = 3193E9AE28A7743100AABF73 /* APIService.swift */; };
		3193E9B128A774B500AABF73 /* UICustomButton.swift in Sources */ = {isa = PBXBuildFile; fileRef = 3193E9B028A774B500AABF73 /* UICustomButton.swift */; };
		3193E9B328A774E800AABF73 /* AppConstants.swift in Sources */ = {isa = PBXBuildFile; fileRef = 3193E9B228A774E800AABF73 /* AppConstants.swift */; };
		3193E9B528A7753E00AABF73 /* Main.storyboard in Resources */ = {isa = PBXBuildFile; fileRef = 3193E9B428A7753E00AABF73 /* Main.storyboard */; };
		3193E9B728A7759C00AABF73 /* ArticleTabBarController.swift in Sources */ = {isa = PBXBuildFile; fileRef = 3193E9B628A7759C00AABF73 /* ArticleTabBarController.swift */; };
		3193E9B928A775D400AABF73 /* ArticleViewController.swift in Sources */ = {isa = PBXBuildFile; fileRef = 3193E9B828A775D400AABF73 /* ArticleViewController.swift */; };
		3193E9BC28A7761C00AABF73 /* ArticleCollectionViewCell.swift in Sources */ = {isa = PBXBuildFile; fileRef = 3193E9BB28A7761C00AABF73 /* ArticleCollectionViewCell.swift */; };
		3193E9BE28A7762B00AABF73 /* ArticleViewModel.swift in Sources */ = {isa = PBXBuildFile; fileRef = 3193E9BD28A7762B00AABF73 /* ArticleViewModel.swift */; };
		3193E9C028A7767F00AABF73 /* FevCollectionViewCell.swift in Sources */ = {isa = PBXBuildFile; fileRef = 3193E9BF28A7767F00AABF73 /* FevCollectionViewCell.swift */; };
		3193E9C228A7768700AABF73 /* FavouritViewController.swift in Sources */ = {isa = PBXBuildFile; fileRef = 3193E9C128A7768700AABF73 /* FavouritViewController.swift */; };
		3193E9C428A7769500AABF73 /* FavouriteViewModel.swift in Sources */ = {isa = PBXBuildFile; fileRef = 3193E9C328A7769500AABF73 /* FavouriteViewModel.swift */; };
		3193E9C628A776D200AABF73 /* ArticleDetailsViewController.swift in Sources */ = {isa = PBXBuildFile; fileRef = 3193E9C528A776D200AABF73 /* ArticleDetailsViewController.swift */; };
		3193E9CD28A779C900AABF73 /* ErrorResult.swift in Sources */ = {isa = PBXBuildFile; fileRef = 3193E9CC28A779C900AABF73 /* ErrorResult.swift */; };
		3193E9CF28A779CF00AABF73 /* Result.swift in Sources */ = {isa = PBXBuildFile; fileRef = 3193E9CE28A779CF00AABF73 /* Result.swift */; };
		3193E9D128A779D900AABF73 /* ParseHelper.swift in Sources */ = {isa = PBXBuildFile; fileRef = 3193E9D028A779D900AABF73 /* ParseHelper.swift */; };
		3193E9D328A779E800AABF73 /* Reachability.swift in Sources */ = {isa = PBXBuildFile; fileRef = 3193E9D228A779E800AABF73 /* Reachability.swift */; };
		3193E9D528A779F000AABF73 /* RequestFactory.swift in Sources */ = {isa = PBXBuildFile; fileRef = 3193E9D428A779F000AABF73 /* RequestFactory.swift */; };
		3193E9D728A779F500AABF73 /* RequestHandler.swift in Sources */ = {isa = PBXBuildFile; fileRef = 3193E9D628A779F500AABF73 /* RequestHandler.swift */; };
		3193E9D928A779FC00AABF73 /* RequestService.swift in Sources */ = {isa = PBXBuildFile; fileRef = 3193E9D828A779FC00AABF73 /* RequestService.swift */; };
/* End PBXBuildFile section */

/* Begin PBXContainerItemProxy section */
		3193E97A28A76D7F00AABF73 /* PBXContainerItemProxy */ = {
			isa = PBXContainerItemProxy;
			containerPortal = 3193E95B28A76D7D00AABF73 /* Project object */;
			proxyType = 1;
			remoteGlobalIDString = 3193E96228A76D7D00AABF73;
			remoteInfo = TrillApp;
		};
		3193E98428A76D7F00AABF73 /* PBXContainerItemProxy */ = {
			isa = PBXContainerItemProxy;
			containerPortal = 3193E95B28A76D7D00AABF73 /* Project object */;
			proxyType = 1;
			remoteGlobalIDString = 3193E96228A76D7D00AABF73;
			remoteInfo = TrillApp;
		};
/* End PBXContainerItemProxy section */

/* Begin PBXFileReference section */
		3193E96328A76D7D00AABF73 /* TrillApp.app */ = {isa = PBXFileReference; explicitFileType = wrapper.application; includeInIndex = 0; path = TrillApp.app; sourceTree = BUILT_PRODUCTS_DIR; };
		3193E96628A76D7D00AABF73 /* AppDelegate.swift */ = {isa = PBXFileReference; lastKnownFileType = sourcecode.swift; path = AppDelegate.swift; sourceTree = "<group>"; };
		3193E96828A76D7D00AABF73 /* SceneDelegate.swift */ = {isa = PBXFileReference; lastKnownFileType = sourcecode.swift; path = SceneDelegate.swift; sourceTree = "<group>"; };
		3193E96A28A76D7D00AABF73 /* ViewController.swift */ = {isa = PBXFileReference; lastKnownFileType = sourcecode.swift; path = ViewController.swift; sourceTree = "<group>"; };
		3193E96F28A76D7F00AABF73 /* Assets.xcassets */ = {isa = PBXFileReference; lastKnownFileType = folder.assetcatalog; path = Assets.xcassets; sourceTree = "<group>"; };
		3193E97228A76D7F00AABF73 /* Base */ = {isa = PBXFileReference; lastKnownFileType = file.storyboard; name = Base; path = Base.lproj/LaunchScreen.storyboard; sourceTree = "<group>"; };
		3193E97428A76D7F00AABF73 /* Info.plist */ = {isa = PBXFileReference; lastKnownFileType = text.plist.xml; path = Info.plist; sourceTree = "<group>"; };
		3193E97928A76D7F00AABF73 /* TrillAppTests.xctest */ = {isa = PBXFileReference; explicitFileType = wrapper.cfbundle; includeInIndex = 0; path = TrillAppTests.xctest; sourceTree = BUILT_PRODUCTS_DIR; };
		3193E97D28A76D7F00AABF73 /* TrillAppTests.swift */ = {isa = PBXFileReference; lastKnownFileType = sourcecode.swift; path = TrillAppTests.swift; sourceTree = "<group>"; };
		3193E98328A76D7F00AABF73 /* TrillAppUITests.xctest */ = {isa = PBXFileReference; explicitFileType = wrapper.cfbundle; includeInIndex = 0; path = TrillAppUITests.xctest; sourceTree = BUILT_PRODUCTS_DIR; };
		3193E98728A76D7F00AABF73 /* TrillAppUITests.swift */ = {isa = PBXFileReference; lastKnownFileType = sourcecode.swift; path = TrillAppUITests.swift; sourceTree = "<group>"; };
		3193E98928A76D7F00AABF73 /* TrillAppUITestsLaunchTests.swift */ = {isa = PBXFileReference; lastKnownFileType = sourcecode.swift; path = TrillAppUITestsLaunchTests.swift; sourceTree = "<group>"; };
		3193E99E28A76FC500AABF73 /* String+Additions.swift */ = {isa = PBXFileReference; fileEncoding = 4; lastKnownFileType = sourcecode.swift; path = "String+Additions.swift"; sourceTree = "<group>"; };
		3193E9A028A7704000AABF73 /* UIImageView.swift */ = {isa = PBXFileReference; fileEncoding = 4; lastKnownFileType = sourcecode.swift; path = UIImageView.swift; sourceTree = "<group>"; };
		3193E9A128A7704000AABF73 /* UIImage.swift */ = {isa = PBXFileReference; fileEncoding = 4; lastKnownFileType = sourcecode.swift; path = UIImage.swift; sourceTree = "<group>"; };
		3193E9A428A771DD00AABF73 /* ArticleModel.swift */ = {isa = PBXFileReference; fileEncoding = 4; lastKnownFileType = sourcecode.swift; path = ArticleModel.swift; sourceTree = "<group>"; };
		3193E9A628A7721700AABF73 /* DBManager.swift */ = {isa = PBXFileReference; fileEncoding = 4; lastKnownFileType = sourcecode.swift; path = DBManager.swift; sourceTree = "<group>"; };
		3193E9AE28A7743100AABF73 /* APIService.swift */ = {isa = PBXFileReference; fileEncoding = 4; lastKnownFileType = sourcecode.swift; path = APIService.swift; sourceTree = "<group>"; };
		3193E9B028A774B500AABF73 /* UICustomButton.swift */ = {isa = PBXFileReference; fileEncoding = 4; lastKnownFileType = sourcecode.swift; path = UICustomButton.swift; sourceTree = "<group>"; };
		3193E9B228A774E800AABF73 /* AppConstants.swift */ = {isa = PBXFileReference; fileEncoding = 4; lastKnownFileType = sourcecode.swift; path = AppConstants.swift; sourceTree = "<group>"; };
		3193E9B428A7753E00AABF73 /* Main.storyboard */ = {isa = PBXFileReference; fileEncoding = 4; lastKnownFileType = file.storyboard; path = Main.storyboard; sourceTree = "<group>"; };
		3193E9B628A7759C00AABF73 /* ArticleTabBarController.swift */ = {isa = PBXFileReference; fileEncoding = 4; lastKnownFileType = sourcecode.swift; path = ArticleTabBarController.swift; sourceTree = "<group>"; };
		3193E9B828A775D400AABF73 /* ArticleViewController.swift */ = {isa = PBXFileReference; fileEncoding = 4; lastKnownFileType = sourcecode.swift; path = ArticleViewController.swift; sourceTree = "<group>"; };
		3193E9BB28A7761C00AABF73 /* ArticleCollectionViewCell.swift */ = {isa = PBXFileReference; fileEncoding = 4; lastKnownFileType = sourcecode.swift; path = ArticleCollectionViewCell.swift; sourceTree = "<group>"; };
		3193E9BD28A7762B00AABF73 /* ArticleViewModel.swift */ = {isa = PBXFileReference; fileEncoding = 4; lastKnownFileType = sourcecode.swift; path = ArticleViewModel.swift; sourceTree = "<group>"; };
		3193E9BF28A7767F00AABF73 /* FevCollectionViewCell.swift */ = {isa = PBXFileReference; fileEncoding = 4; lastKnownFileType = sourcecode.swift; path = FevCollectionViewCell.swift; sourceTree = "<group>"; };
		3193E9C128A7768700AABF73 /* FavouritViewController.swift */ = {isa = PBXFileReference; fileEncoding = 4; lastKnownFileType = sourcecode.swift; path = FavouritViewController.swift; sourceTree = "<group>"; };
		3193E9C328A7769500AABF73 /* FavouriteViewModel.swift */ = {isa = PBXFileReference; fileEncoding = 4; lastKnownFileType = sourcecode.swift; path = FavouriteViewModel.swift; sourceTree = "<group>"; };
		3193E9C528A776D200AABF73 /* ArticleDetailsViewController.swift */ = {isa = PBXFileReference; fileEncoding = 4; lastKnownFileType = sourcecode.swift; path = ArticleDetailsViewController.swift; sourceTree = "<group>"; };
		3193E9CC28A779C900AABF73 /* ErrorResult.swift */ = {isa = PBXFileReference; fileEncoding = 4; lastKnownFileType = sourcecode.swift; path = ErrorResult.swift; sourceTree = "<group>"; };
		3193E9CE28A779CF00AABF73 /* Result.swift */ = {isa = PBXFileReference; fileEncoding = 4; lastKnownFileType = sourcecode.swift; path = Result.swift; sourceTree = "<group>"; };
		3193E9D028A779D900AABF73 /* ParseHelper.swift */ = {isa = PBXFileReference; fileEncoding = 4; lastKnownFileType = sourcecode.swift; path = ParseHelper.swift; sourceTree = "<group>"; };
		3193E9D228A779E800AABF73 /* Reachability.swift */ = {isa = PBXFileReference; fileEncoding = 4; lastKnownFileType = sourcecode.swift; path = Reachability.swift; sourceTree = "<group>"; };
		3193E9D428A779F000AABF73 /* RequestFactory.swift */ = {isa = PBXFileReference; fileEncoding = 4; lastKnownFileType = sourcecode.swift; path = RequestFactory.swift; sourceTree = "<group>"; };
		3193E9D628A779F500AABF73 /* RequestHandler.swift */ = {isa = PBXFileReference; fileEncoding = 4; lastKnownFileType = sourcecode.swift; path = RequestHandler.swift; sourceTree = "<group>"; };
		3193E9D828A779FC00AABF73 /* RequestService.swift */ = {isa = PBXFileReference; fileEncoding = 4; lastKnownFileType = sourcecode.swift; path = RequestService.swift; sourceTree = "<group>"; };
/* End PBXFileReference section */

/* Begin PBXFrameworksBuildPhase section */
		3193E96028A76D7D00AABF73 /* Frameworks */ = {
			isa = PBXFrameworksBuildPhase;
			buildActionMask = 2147483647;
			files = (
			);
			runOnlyForDeploymentPostprocessing = 0;
		};
		3193E97628A76D7F00AABF73 /* Frameworks */ = {
			isa = PBXFrameworksBuildPhase;
			buildActionMask = 2147483647;
			files = (
			);
			runOnlyForDeploymentPostprocessing = 0;
		};
		3193E98028A76D7F00AABF73 /* Frameworks */ = {
			isa = PBXFrameworksBuildPhase;
			buildActionMask = 2147483647;
			files = (
			);
			runOnlyForDeploymentPostprocessing = 0;
		};
/* End PBXFrameworksBuildPhase section */

/* Begin PBXGroup section */
		3193E95A28A76D7D00AABF73 = {
			isa = PBXGroup;
			children = (
				3193E96528A76D7D00AABF73 /* TrillApp */,
				3193E97C28A76D7F00AABF73 /* TrillAppTests */,
				3193E98628A76D7F00AABF73 /* TrillAppUITests */,
				3193E96428A76D7D00AABF73 /* Products */,
				50208EA81C89554340D431B9 /* Pods */,
			);
			sourceTree = "<group>";
		};
		3193E96428A76D7D00AABF73 /* Products */ = {
			isa = PBXGroup;
			children = (
				3193E96328A76D7D00AABF73 /* TrillApp.app */,
				3193E97928A76D7F00AABF73 /* TrillAppTests.xctest */,
				3193E98328A76D7F00AABF73 /* TrillAppUITests.xctest */,
			);
			name = Products;
			sourceTree = "<group>";
		};
		3193E96528A76D7D00AABF73 /* TrillApp */ = {
			isa = PBXGroup;
			children = (
				3193E99D28A76F4900AABF73 /* Extensions */,
				3193E99B28A76F1000AABF73 /* Services */,
				3193E99A28A76F0700AABF73 /* ViewModels */,
				3193E99928A76EFE00AABF73 /* Models */,
				3193E99828A76EF600AABF73 /* Views */,
				3193E99728A76EEF00AABF73 /* Core */,
				3193E99628A76EDC00AABF73 /* Managers */,
				3193E96628A76D7D00AABF73 /* AppDelegate.swift */,
				3193E96828A76D7D00AABF73 /* SceneDelegate.swift */,
				3193E96A28A76D7D00AABF73 /* ViewController.swift */,
				3193E96F28A76D7F00AABF73 /* Assets.xcassets */,
				3193E9B428A7753E00AABF73 /* Main.storyboard */,
				3193E97128A76D7F00AABF73 /* LaunchScreen.storyboard */,
				3193E97428A76D7F00AABF73 /* Info.plist */,
			);
			path = TrillApp;
			sourceTree = "<group>";
		};
		3193E97C28A76D7F00AABF73 /* TrillAppTests */ = {
			isa = PBXGroup;
			children = (
				3193E97D28A76D7F00AABF73 /* TrillAppTests.swift */,
			);
			path = TrillAppTests;
			sourceTree = "<group>";
		};
		3193E98628A76D7F00AABF73 /* TrillAppUITests */ = {
			isa = PBXGroup;
			children = (
				3193E98728A76D7F00AABF73 /* TrillAppUITests.swift */,
				3193E98928A76D7F00AABF73 /* TrillAppUITestsLaunchTests.swift */,
			);
			path = TrillAppUITests;
			sourceTree = "<group>";
		};
		3193E99628A76EDC00AABF73 /* Managers */ = {
			isa = PBXGroup;
			children = (
				3193E9A628A7721700AABF73 /* DBManager.swift */,
			);
			path = Managers;
			sourceTree = "<group>";
		};
		3193E99728A76EEF00AABF73 /* Core */ = {
			isa = PBXGroup;
			children = (
				3193E9B028A774B500AABF73 /* UICustomButton.swift */,
				3193E9B228A774E800AABF73 /* AppConstants.swift */,
			);
			path = Core;
			sourceTree = "<group>";
		};
		3193E99828A76EF600AABF73 /* Views */ = {
			isa = PBXGroup;
			children = (
				3193E9C528A776D200AABF73 /* ArticleDetailsViewController.swift */,
				3193E9BA28A7760F00AABF73 /* Cells */,
				3193E9B628A7759C00AABF73 /* ArticleTabBarController.swift */,
				3193E9B828A775D400AABF73 /* ArticleViewController.swift */,
				3193E9C128A7768700AABF73 /* FavouritViewController.swift */,
			);
			path = Views;
			sourceTree = "<group>";
		};
		3193E99928A76EFE00AABF73 /* Models */ = {
			isa = PBXGroup;
			children = (
				3193E9A428A771DD00AABF73 /* ArticleModel.swift */,
			);
			path = Models;
			sourceTree = "<group>";
		};
		3193E99A28A76F0700AABF73 /* ViewModels */ = {
			isa = PBXGroup;
			children = (
				3193E9BD28A7762B00AABF73 /* ArticleViewModel.swift */,
				3193E9C328A7769500AABF73 /* FavouriteViewModel.swift */,
			);
			path = ViewModels;
			sourceTree = "<group>";
		};
		3193E99B28A76F1000AABF73 /* Services */ = {
			isa = PBXGroup;
			children = (
				3193E9CB28A779B400AABF73 /* Parser */,
				3193E9CA28A779A800AABF73 /* Result */,
				3193E9C928A7799B00AABF73 /* Network */,
				3193E9AE28A7743100AABF73 /* APIService.swift */,
			);
			path = Services;
			sourceTree = "<group>";
		};
		3193E99D28A76F4900AABF73 /* Extensions */ = {
			isa = PBXGroup;
			children = (
				3193E99E28A76FC500AABF73 /* String+Additions.swift */,
				3193E9A128A7704000AABF73 /* UIImage.swift */,
				3193E9A028A7704000AABF73 /* UIImageView.swift */,
			);
			path = Extensions;
			sourceTree = "<group>";
		};
		3193E9BA28A7760F00AABF73 /* Cells */ = {
			isa = PBXGroup;
			children = (
				3193E9BF28A7767F00AABF73 /* FevCollectionViewCell.swift */,
				3193E9BB28A7761C00AABF73 /* ArticleCollectionViewCell.swift */,
			);
			path = Cells;
			sourceTree = "<group>";
		};
		3193E9C928A7799B00AABF73 /* Network */ = {
			isa = PBXGroup;
			children = (
				3193E9D228A779E800AABF73 /* Reachability.swift */,
				3193E9D428A779F000AABF73 /* RequestFactory.swift */,
				3193E9D628A779F500AABF73 /* RequestHandler.swift */,
				3193E9D828A779FC00AABF73 /* RequestService.swift */,
			);
			path = Network;
			sourceTree = "<group>";
		};
		3193E9CA28A779A800AABF73 /* Result */ = {
			isa = PBXGroup;
			children = (
				3193E9CC28A779C900AABF73 /* ErrorResult.swift */,
				3193E9CE28A779CF00AABF73 /* Result.swift */,
			);
			path = Result;
			sourceTree = "<group>";
		};
		3193E9CB28A779B400AABF73 /* Parser */ = {
			isa = PBXGroup;
			children = (
				3193E9D028A779D900AABF73 /* ParseHelper.swift */,
			);
			path = Parser;
			sourceTree = "<group>";
		};
		50208EA81C89554340D431B9 /* Pods */ = {
			isa = PBXGroup;
			children = (
			);
			path = Pods;
			sourceTree = "<group>";
		};
/* End PBXGroup section */

/* Begin PBXNativeTarget section */
		3193E96228A76D7D00AABF73 /* TrillApp */ = {
			isa = PBXNativeTarget;
			buildConfigurationList = 3193E98D28A76D7F00AABF73 /* Build configuration list for PBXNativeTarget "TrillApp" */;
			buildPhases = (
				3193E95F28A76D7D00AABF73 /* Sources */,
				3193E96028A76D7D00AABF73 /* Frameworks */,
				3193E96128A76D7D00AABF73 /* Resources */,
			);
			buildRules = (
			);
			dependencies = (
			);
			name = TrillApp;
			productName = TrillApp;
			productReference = 3193E96328A76D7D00AABF73 /* TrillApp.app */;
			productType = "com.apple.product-type.application";
		};
		3193E97828A76D7F00AABF73 /* TrillAppTests */ = {
			isa = PBXNativeTarget;
			buildConfigurationList = 3193E99028A76D7F00AABF73 /* Build configuration list for PBXNativeTarget "TrillAppTests" */;
			buildPhases = (
				3193E97528A76D7F00AABF73 /* Sources */,
				3193E97628A76D7F00AABF73 /* Frameworks */,
				3193E97728A76D7F00AABF73 /* Resources */,
			);
			buildRules = (
			);
			dependencies = (
				3193E97B28A76D7F00AABF73 /* PBXTargetDependency */,
			);
			name = TrillAppTests;
			productName = TrillAppTests;
			productReference = 3193E97928A76D7F00AABF73 /* TrillAppTests.xctest */;
			productType = "com.apple.product-type.bundle.unit-test";
		};
		3193E98228A76D7F00AABF73 /* TrillAppUITests */ = {
			isa = PBXNativeTarget;
			buildConfigurationList = 3193E99328A76D7F00AABF73 /* Build configuration list for PBXNativeTarget "TrillAppUITests" */;
			buildPhases = (
				3193E97F28A76D7F00AABF73 /* Sources */,
				3193E98028A76D7F00AABF73 /* Frameworks */,
				3193E98128A76D7F00AABF73 /* Resources */,
			);
			buildRules = (
			);
			dependencies = (
				3193E98528A76D7F00AABF73 /* PBXTargetDependency */,
			);
			name = TrillAppUITests;
			productName = TrillAppUITests;
			productReference = 3193E98328A76D7F00AABF73 /* TrillAppUITests.xctest */;
			productType = "com.apple.product-type.bundle.ui-testing";
		};
/* End PBXNativeTarget section */

/* Begin PBXProject section */
		3193E95B28A76D7D00AABF73 /* Project object */ = {
			isa = PBXProject;
			attributes = {
				BuildIndependentTargetsInParallel = 1;
				LastSwiftUpdateCheck = 1340;
				LastUpgradeCheck = 1340;
				TargetAttributes = {
					3193E96228A76D7D00AABF73 = {
						CreatedOnToolsVersion = 13.4.1;
					};
					3193E97828A76D7F00AABF73 = {
						CreatedOnToolsVersion = 13.4.1;
						TestTargetID = 3193E96228A76D7D00AABF73;
					};
					3193E98228A76D7F00AABF73 = {
						CreatedOnToolsVersion = 13.4.1;
						TestTargetID = 3193E96228A76D7D00AABF73;
					};
				};
			};
			buildConfigurationList = 3193E95E28A76D7D00AABF73 /* Build configuration list for PBXProject "TrillApp" */;
			compatibilityVersion = "Xcode 13.0";
			developmentRegion = en;
			hasScannedForEncodings = 0;
			knownRegions = (
				en,
				Base,
			);
			mainGroup = 3193E95A28A76D7D00AABF73;
			productRefGroup = 3193E96428A76D7D00AABF73 /* Products */;
			projectDirPath = "";
			projectRoot = "";
			targets = (
				3193E96228A76D7D00AABF73 /* TrillApp */,
				3193E97828A76D7F00AABF73 /* TrillAppTests */,
				3193E98228A76D7F00AABF73 /* TrillAppUITests */,
			);
		};
/* End PBXProject section */

/* Begin PBXResourcesBuildPhase section */
		3193E96128A76D7D00AABF73 /* Resources */ = {
			isa = PBXResourcesBuildPhase;
			buildActionMask = 2147483647;
			files = (
				3193E97328A76D7F00AABF73 /* LaunchScreen.storyboard in Resources */,
				3193E9B528A7753E00AABF73 /* Main.storyboard in Resources */,
				3193E97028A76D7F00AABF73 /* Assets.xcassets in Resources */,
			);
			runOnlyForDeploymentPostprocessing = 0;
		};
		3193E97728A76D7F00AABF73 /* Resources */ = {
			isa = PBXResourcesBuildPhase;
			buildActionMask = 2147483647;
			files = (
			);
			runOnlyForDeploymentPostprocessing = 0;
		};
		3193E98128A76D7F00AABF73 /* Resources */ = {
			isa = PBXResourcesBuildPhase;
			buildActionMask = 2147483647;
			files = (
			);
			runOnlyForDeploymentPostprocessing = 0;
		};
/* End PBXResourcesBuildPhase section */

/* Begin PBXSourcesBuildPhase section */
		3193E95F28A76D7D00AABF73 /* Sources */ = {
			isa = PBXSourcesBuildPhase;
			buildActionMask = 2147483647;
			files = (
				3193E9D528A779F000AABF73 /* RequestFactory.swift in Sources */,
				3193E9B728A7759C00AABF73 /* ArticleTabBarController.swift in Sources */,
				3193E9CD28A779C900AABF73 /* ErrorResult.swift in Sources */,
				3193E9B128A774B500AABF73 /* UICustomButton.swift in Sources */,
				3193E96B28A76D7D00AABF73 /* ViewController.swift in Sources */,
				3193E9C628A776D200AABF73 /* ArticleDetailsViewController.swift in Sources */,
				3193E9BE28A7762B00AABF73 /* ArticleViewModel.swift in Sources */,
				3193E9A228A7704000AABF73 /* UIImageView.swift in Sources */,
				3193E9B328A774E800AABF73 /* AppConstants.swift in Sources */,
				3193E96728A76D7D00AABF73 /* AppDelegate.swift in Sources */,
				3193E9A728A7721700AABF73 /* DBManager.swift in Sources */,
				3193E9A328A7704000AABF73 /* UIImage.swift in Sources */,
				3193E99F28A76FC500AABF73 /* String+Additions.swift in Sources */,
				3193E9A528A771DD00AABF73 /* ArticleModel.swift in Sources */,
				3193E9B928A775D400AABF73 /* ArticleViewController.swift in Sources */,
				3193E9C228A7768700AABF73 /* FavouritViewController.swift in Sources */,
				3193E9D728A779F500AABF73 /* RequestHandler.swift in Sources */,
				3193E9D328A779E800AABF73 /* Reachability.swift in Sources */,
				3193E9AF28A7743100AABF73 /* APIService.swift in Sources */,
				3193E9C428A7769500AABF73 /* FavouriteViewModel.swift in Sources */,
				3193E96928A76D7D00AABF73 /* SceneDelegate.swift in Sources */,
				3193E9CF28A779CF00AABF73 /* Result.swift in Sources */,
				3193E9D128A779D900AABF73 /* ParseHelper.swift in Sources */,
				3193E9D928A779FC00AABF73 /* RequestService.swift in Sources */,
				3193E9C028A7767F00AABF73 /* FevCollectionViewCell.swift in Sources */,
				3193E9BC28A7761C00AABF73 /* ArticleCollectionViewCell.swift in Sources */,
			);
			runOnlyForDeploymentPostprocessing = 0;
		};
		3193E97528A76D7F00AABF73 /* Sources */ = {
			isa = PBXSourcesBuildPhase;
			buildActionMask = 2147483647;
			files = (
				3193E97E28A76D7F00AABF73 /* TrillAppTests.swift in Sources */,
			);
			runOnlyForDeploymentPostprocessing = 0;
		};
		3193E97F28A76D7F00AABF73 /* Sources */ = {
			isa = PBXSourcesBuildPhase;
			buildActionMask = 2147483647;
			files = (
				3193E98A28A76D7F00AABF73 /* TrillAppUITestsLaunchTests.swift in Sources */,
				3193E98828A76D7F00AABF73 /* TrillAppUITests.swift in Sources */,
			);
			runOnlyForDeploymentPostprocessing = 0;
		};
/* End PBXSourcesBuildPhase section */

/* Begin PBXTargetDependency section */
		3193E97B28A76D7F00AABF73 /* PBXTargetDependency */ = {
			isa = PBXTargetDependency;
			target = 3193E96228A76D7D00AABF73 /* TrillApp */;
			targetProxy = 3193E97A28A76D7F00AABF73 /* PBXContainerItemProxy */;
		};
		3193E98528A76D7F00AABF73 /* PBXTargetDependency */ = {
			isa = PBXTargetDependency;
			target = 3193E96228A76D7D00AABF73 /* TrillApp */;
			targetProxy = 3193E98428A76D7F00AABF73 /* PBXContainerItemProxy */;
		};
/* End PBXTargetDependency section */

/* Begin PBXVariantGroup section */
		3193E97128A76D7F00AABF73 /* LaunchScreen.storyboard */ = {
			isa = PBXVariantGroup;
			children = (
				3193E97228A76D7F00AABF73 /* Base */,
			);
			name = LaunchScreen.storyboard;
			sourceTree = "<group>";
		};
/* End PBXVariantGroup section */

/* Begin XCBuildConfiguration section */
		3193E98B28A76D7F00AABF73 /* Debug */ = {
			isa = XCBuildConfiguration;
			buildSettings = {
				ALWAYS_SEARCH_USER_PATHS = NO;
				CLANG_ANALYZER_NONNULL = YES;
				CLANG_ANALYZER_NUMBER_OBJECT_CONVERSION = YES_AGGRESSIVE;
				CLANG_CXX_LANGUAGE_STANDARD = "gnu++17";
				CLANG_ENABLE_MODULES = YES;
				CLANG_ENABLE_OBJC_ARC = YES;
				CLANG_ENABLE_OBJC_WEAK = YES;
				CLANG_WARN_BLOCK_CAPTURE_AUTORELEASING = YES;
				CLANG_WARN_BOOL_CONVERSION = YES;
				CLANG_WARN_COMMA = YES;
				CLANG_WARN_CONSTANT_CONVERSION = YES;
				CLANG_WARN_DEPRECATED_OBJC_IMPLEMENTATIONS = YES;
				CLANG_WARN_DIRECT_OBJC_ISA_USAGE = YES_ERROR;
				CLANG_WARN_DOCUMENTATION_COMMENTS = YES;
				CLANG_WARN_EMPTY_BODY = YES;
				CLANG_WARN_ENUM_CONVERSION = YES;
				CLANG_WARN_INFINITE_RECURSION = YES;
				CLANG_WARN_INT_CONVERSION = YES;
				CLANG_WARN_NON_LITERAL_NULL_CONVERSION = YES;
				CLANG_WARN_OBJC_IMPLICIT_RETAIN_SELF = YES;
				CLANG_WARN_OBJC_LITERAL_CONVERSION = YES;
				CLANG_WARN_OBJC_ROOT_CLASS = YES_ERROR;
				CLANG_WARN_QUOTED_INCLUDE_IN_FRAMEWORK_HEADER = YES;
				CLANG_WARN_RANGE_LOOP_ANALYSIS = YES;
				CLANG_WARN_STRICT_PROTOTYPES = YES;
				CLANG_WARN_SUSPICIOUS_MOVE = YES;
				CLANG_WARN_UNGUARDED_AVAILABILITY = YES_AGGRESSIVE;
				CLANG_WARN_UNREACHABLE_CODE = YES;
				CLANG_WARN__DUPLICATE_METHOD_MATCH = YES;
				COPY_PHASE_STRIP = NO;
				DEBUG_INFORMATION_FORMAT = dwarf;
				ENABLE_STRICT_OBJC_MSGSEND = YES;
				ENABLE_TESTABILITY = YES;
				GCC_C_LANGUAGE_STANDARD = gnu11;
				GCC_DYNAMIC_NO_PIC = NO;
				GCC_NO_COMMON_BLOCKS = YES;
				GCC_OPTIMIZATION_LEVEL = 0;
				GCC_PREPROCESSOR_DEFINITIONS = (
					"DEBUG=1",
					"$(inherited)",
				);
				GCC_WARN_64_TO_32_BIT_CONVERSION = YES;
				GCC_WARN_ABOUT_RETURN_TYPE = YES_ERROR;
				GCC_WARN_UNDECLARED_SELECTOR = YES;
				GCC_WARN_UNINITIALIZED_AUTOS = YES_AGGRESSIVE;
				GCC_WARN_UNUSED_FUNCTION = YES;
				GCC_WARN_UNUSED_VARIABLE = YES;
				IPHONEOS_DEPLOYMENT_TARGET = 15.5;
				MTL_ENABLE_DEBUG_INFO = INCLUDE_SOURCE;
				MTL_FAST_MATH = YES;
				ONLY_ACTIVE_ARCH = YES;
				SDKROOT = iphoneos;
				SWIFT_ACTIVE_COMPILATION_CONDITIONS = DEBUG;
				SWIFT_OPTIMIZATION_LEVEL = "-Onone";
			};
			name = Debug;
		};
		3193E98C28A76D7F00AABF73 /* Release */ = {
			isa = XCBuildConfiguration;
			buildSettings = {
				ALWAYS_SEARCH_USER_PATHS = NO;
				CLANG_ANALYZER_NONNULL = YES;
				CLANG_ANALYZER_NUMBER_OBJECT_CONVERSION = YES_AGGRESSIVE;
				CLANG_CXX_LANGUAGE_STANDARD = "gnu++17";
				CLANG_ENABLE_MODULES = YES;
				CLANG_ENABLE_OBJC_ARC = YES;
				CLANG_ENABLE_OBJC_WEAK = YES;
				CLANG_WARN_BLOCK_CAPTURE_AUTORELEASING = YES;
				CLANG_WARN_BOOL_CONVERSION = YES;
				CLANG_WARN_COMMA = YES;
				CLANG_WARN_CONSTANT_CONVERSION = YES;
				CLANG_WARN_DEPRECATED_OBJC_IMPLEMENTATIONS = YES;
				CLANG_WARN_DIRECT_OBJC_ISA_USAGE = YES_ERROR;
				CLANG_WARN_DOCUMENTATION_COMMENTS = YES;
				CLANG_WARN_EMPTY_BODY = YES;
				CLANG_WARN_ENUM_CONVERSION = YES;
				CLANG_WARN_INFINITE_RECURSION = YES;
				CLANG_WARN_INT_CONVERSION = YES;
				CLANG_WARN_NON_LITERAL_NULL_CONVERSION = YES;
				CLANG_WARN_OBJC_IMPLICIT_RETAIN_SELF = YES;
				CLANG_WARN_OBJC_LITERAL_CONVERSION = YES;
				CLANG_WARN_OBJC_ROOT_CLASS = YES_ERROR;
				CLANG_WARN_QUOTED_INCLUDE_IN_FRAMEWORK_HEADER = YES;
				CLANG_WARN_RANGE_LOOP_ANALYSIS = YES;
				CLANG_WARN_STRICT_PROTOTYPES = YES;
				CLANG_WARN_SUSPICIOUS_MOVE = YES;
				CLANG_WARN_UNGUARDED_AVAILABILITY = YES_AGGRESSIVE;
				CLANG_WARN_UNREACHABLE_CODE = YES;
				CLANG_WARN__DUPLICATE_METHOD_MATCH = YES;
				COPY_PHASE_STRIP = NO;
				DEBUG_INFORMATION_FORMAT = "dwarf-with-dsym";
				ENABLE_NS_ASSERTIONS = NO;
				ENABLE_STRICT_OBJC_MSGSEND = YES;
				GCC_C_LANGUAGE_STANDARD = gnu11;
				GCC_NO_COMMON_BLOCKS = YES;
				GCC_WARN_64_TO_32_BIT_CONVERSION = YES;
				GCC_WARN_ABOUT_RETURN_TYPE = YES_ERROR;
				GCC_WARN_UNDECLARED_SELECTOR = YES;
				GCC_WARN_UNINITIALIZED_AUTOS = YES_AGGRESSIVE;
				GCC_WARN_UNUSED_FUNCTION = YES;
				GCC_WARN_UNUSED_VARIABLE = YES;
				IPHONEOS_DEPLOYMENT_TARGET = 15.5;
				MTL_ENABLE_DEBUG_INFO = NO;
				MTL_FAST_MATH = YES;
				SDKROOT = iphoneos;
				SWIFT_COMPILATION_MODE = wholemodule;
				SWIFT_OPTIMIZATION_LEVEL = "-O";
				VALIDATE_PRODUCT = YES;
			};
			name = Release;
		};
		3193E98E28A76D7F00AABF73 /* Debug */ = {
			isa = XCBuildConfiguration;
			buildSettings = {
				ASSETCATALOG_COMPILER_APPICON_NAME = AppIcon;
				ASSETCATALOG_COMPILER_GLOBAL_ACCENT_COLOR_NAME = AccentColor;
				CODE_SIGN_STYLE = Automatic;
				CURRENT_PROJECT_VERSION = 1;
				GENERATE_INFOPLIST_FILE = YES;
				INFOPLIST_FILE = TrillApp/Info.plist;
				INFOPLIST_KEY_UIApplicationSupportsIndirectInputEvents = YES;
				INFOPLIST_KEY_UILaunchStoryboardName = LaunchScreen;
				INFOPLIST_KEY_UIMainStoryboardFile = Main;
				INFOPLIST_KEY_UISupportedInterfaceOrientations_iPad = "UIInterfaceOrientationPortrait UIInterfaceOrientationPortraitUpsideDown UIInterfaceOrientationLandscapeLeft UIInterfaceOrientationLandscapeRight";
				INFOPLIST_KEY_UISupportedInterfaceOrientations_iPhone = "UIInterfaceOrientationPortrait UIInterfaceOrientationLandscapeLeft UIInterfaceOrientationLandscapeRight";
				LD_RUNPATH_SEARCH_PATHS = (
					"$(inherited)",
					"@executable_path/Frameworks",
				);
				MARKETING_VERSION = 1.0;
				PRODUCT_BUNDLE_IDENTIFIER = com.zahid.TrillApp;
				PRODUCT_NAME = "$(TARGET_NAME)";
				SWIFT_EMIT_LOC_STRINGS = YES;
				SWIFT_VERSION = 5.0;
				TARGETED_DEVICE_FAMILY = "1,2";
			};
			name = Debug;
		};
		3193E98F28A76D7F00AABF73 /* Release */ = {
			isa = XCBuildConfiguration;
			buildSettings = {
				ASSETCATALOG_COMPILER_APPICON_NAME = AppIcon;
				ASSETCATALOG_COMPILER_GLOBAL_ACCENT_COLOR_NAME = AccentColor;
				CODE_SIGN_STYLE = Automatic;
				CURRENT_PROJECT_VERSION = 1;
				GENERATE_INFOPLIST_FILE = YES;
				INFOPLIST_FILE = TrillApp/Info.plist;
				INFOPLIST_KEY_UIApplicationSupportsIndirectInputEvents = YES;
				INFOPLIST_KEY_UILaunchStoryboardName = LaunchScreen;
				INFOPLIST_KEY_UIMainStoryboardFile = Main;
				INFOPLIST_KEY_UISupportedInterfaceOrientations_iPad = "UIInterfaceOrientationPortrait UIInterfaceOrientationPortraitUpsideDown UIInterfaceOrientationLandscapeLeft UIInterfaceOrientationLandscapeRight";
				INFOPLIST_KEY_UISupportedInterfaceOrientations_iPhone = "UIInterfaceOrientationPortrait UIInterfaceOrientationLandscapeLeft UIInterfaceOrientationLandscapeRight";
				LD_RUNPATH_SEARCH_PATHS = (
					"$(inherited)",
					"@executable_path/Frameworks",
				);
				MARKETING_VERSION = 1.0;
				PRODUCT_BUNDLE_IDENTIFIER = com.zahid.TrillApp;
				PRODUCT_NAME = "$(TARGET_NAME)";
				SWIFT_EMIT_LOC_STRINGS = YES;
				SWIFT_VERSION = 5.0;
				TARGETED_DEVICE_FAMILY = "1,2";
			};
			name = Release;
		};
		3193E99128A76D7F00AABF73 /* Debug */ = {
			isa = XCBuildConfiguration;
			buildSettings = {
				ALWAYS_EMBED_SWIFT_STANDARD_LIBRARIES = YES;
				BUNDLE_LOADER = "$(TEST_HOST)";
				CODE_SIGN_STYLE = Automatic;
				CURRENT_PROJECT_VERSION = 1;
				GENERATE_INFOPLIST_FILE = YES;
				IPHONEOS_DEPLOYMENT_TARGET = 15.5;
				MARKETING_VERSION = 1.0;
				PRODUCT_BUNDLE_IDENTIFIER = com.zahid.TrillAppTests;
				PRODUCT_NAME = "$(TARGET_NAME)";
				SWIFT_EMIT_LOC_STRINGS = NO;
				SWIFT_VERSION = 5.0;
				TARGETED_DEVICE_FAMILY = "1,2";
				TEST_HOST = "$(BUILT_PRODUCTS_DIR)/TrillApp.app/TrillApp";
			};
			name = Debug;
		};
		3193E99228A76D7F00AABF73 /* Release */ = {
			isa = XCBuildConfiguration;
			buildSettings = {
				ALWAYS_EMBED_SWIFT_STANDARD_LIBRARIES = YES;
				BUNDLE_LOADER = "$(TEST_HOST)";
				CODE_SIGN_STYLE = Automatic;
				CURRENT_PROJECT_VERSION = 1;
				GENERATE_INFOPLIST_FILE = YES;
				IPHONEOS_DEPLOYMENT_TARGET = 15.5;
				MARKETING_VERSION = 1.0;
				PRODUCT_BUNDLE_IDENTIFIER = com.zahid.TrillAppTests;
				PRODUCT_NAME = "$(TARGET_NAME)";
				SWIFT_EMIT_LOC_STRINGS = NO;
				SWIFT_VERSION = 5.0;
				TARGETED_DEVICE_FAMILY = "1,2";
				TEST_HOST = "$(BUILT_PRODUCTS_DIR)/TrillApp.app/TrillApp";
			};
			name = Release;
		};
		3193E99428A76D7F00AABF73 /* Debug */ = {
			isa = XCBuildConfiguration;
			buildSettings = {
				ALWAYS_EMBED_SWIFT_STANDARD_LIBRARIES = YES;
				CODE_SIGN_STYLE = Automatic;
				CURRENT_PROJECT_VERSION = 1;
				GENERATE_INFOPLIST_FILE = YES;
				MARKETING_VERSION = 1.0;
				PRODUCT_BUNDLE_IDENTIFIER = com.zahid.TrillAppUITests;
				PRODUCT_NAME = "$(TARGET_NAME)";
				SWIFT_EMIT_LOC_STRINGS = NO;
				SWIFT_VERSION = 5.0;
				TARGETED_DEVICE_FAMILY = "1,2";
				TEST_TARGET_NAME = TrillApp;
			};
			name = Debug;
		};
		3193E99528A76D7F00AABF73 /* Release */ = {
			isa = XCBuildConfiguration;
			buildSettings = {
				ALWAYS_EMBED_SWIFT_STANDARD_LIBRARIES = YES;
				CODE_SIGN_STYLE = Automatic;
				CURRENT_PROJECT_VERSION = 1;
				GENERATE_INFOPLIST_FILE = YES;
				MARKETING_VERSION = 1.0;
				PRODUCT_BUNDLE_IDENTIFIER = com.zahid.TrillAppUITests;
				PRODUCT_NAME = "$(TARGET_NAME)";
				SWIFT_EMIT_LOC_STRINGS = NO;
				SWIFT_VERSION = 5.0;
				TARGETED_DEVICE_FAMILY = "1,2";
				TEST_TARGET_NAME = TrillApp;
			};
			name = Release;
		};
/* End XCBuildConfiguration section */

/* Begin XCConfigurationList section */
		3193E95E28A76D7D00AABF73 /* Build configuration list for PBXProject "TrillApp" */ = {
			isa = XCConfigurationList;
			buildConfigurations = (
				3193E98B28A76D7F00AABF73 /* Debug */,
				3193E98C28A76D7F00AABF73 /* Release */,
			);
			defaultConfigurationIsVisible = 0;
			defaultConfigurationName = Release;
		};
		3193E98D28A76D7F00AABF73 /* Build configuration list for PBXNativeTarget "TrillApp" */ = {
			isa = XCConfigurationList;
			buildConfigurations = (
				3193E98E28A76D7F00AABF73 /* Debug */,
				3193E98F28A76D7F00AABF73 /* Release */,
			);
			defaultConfigurationIsVisible = 0;
			defaultConfigurationName = Release;
		};
		3193E99028A76D7F00AABF73 /* Build configuration list for PBXNativeTarget "TrillAppTests" */ = {
			isa = XCConfigurationList;
			buildConfigurations = (
				3193E99128A76D7F00AABF73 /* Debug */,
				3193E99228A76D7F00AABF73 /* Release */,
			);
			defaultConfigurationIsVisible = 0;
			defaultConfigurationName = Release;
		};
		3193E99328A76D7F00AABF73 /* Build configuration list for PBXNativeTarget "TrillAppUITests" */ = {
			isa = XCConfigurationList;
			buildConfigurations = (
				3193E99428A76D7F00AABF73 /* Debug */,
				3193E99528A76D7F00AABF73 /* Release */,
			);
			defaultConfigurationIsVisible = 0;
			defaultConfigurationName = Release;
		};
/* End XCConfigurationList section */
	};
	rootObject = 3193E95B28A76D7D00AABF73 /* Project object */;
}
